
Microsoft Visual Studio Solution File, Format Version 12.00
# Visual Studio Version 17
VisualStudioVersion = 17.7.34221.43
MinimumVisualStudioVersion = 10.0.40219.1
Project("{9A19103F-16F7-4668-BE54-9A1E7A4F7556}") = "WingetUIWidgetProvider", "WingetUIWidgetProvider.csproj", "{D8495D3C-3169-4A08-B0C4-F5EEE5117C0E}"
EndProject
Project("{C7167F0D-BC9F-4E6E-AFE1-012C56B48DB5}") = "WingetUIWidgetProviderPackage", "..\WingetUIWidgetProviderPackage\WingetUIWidgetProviderPackage.wapproj", "{0CB7BF44-2619-4597-82C4-75F513345EBA}"
EndProject
Global
	GlobalSection(SolutionConfigurationPlatforms) = preSolution
		Debug|Any CPU = Debug|Any CPU
		Debug|ARM = Debug|ARM
		Debug|ARM64 = Debug|ARM64
		Debug|x64 = Debug|x64
		Debug|x86 = Debug|x86
		Release|Any CPU = Release|Any CPU
		Release|ARM = Release|ARM
		Release|ARM64 = Release|ARM64
		Release|x64 = Release|x64
		Release|x86 = Release|x86
	EndGlobalSection
	GlobalSection(ProjectConfigurationPlatforms) = postSolution
		{D8495D3C-3169-4A08-B0C4-F5EEE5117C0E}.Debug|Any CPU.ActiveCfg = Debug|Any CPU
		{D8495D3C-3169-4A08-B0C4-F5EEE5117C0E}.Debug|Any CPU.Build.0 = Debug|Any CPU
		{D8495D3C-3169-4A08-B0C4-F5EEE5117C0E}.Debug|ARM.ActiveCfg = Debug|Any CPU
		{D8495D3C-3169-4A08-B0C4-F5EEE5117C0E}.Debug|ARM.Build.0 = Debug|Any CPU
		{D8495D3C-3169-4A08-B0C4-F5EEE5117C0E}.Debug|ARM64.ActiveCfg = Debug|Any CPU
		{D8495D3C-3169-4A08-B0C4-F5EEE5117C0E}.Debug|ARM64.Build.0 = Debug|Any CPU
		{D8495D3C-3169-4A08-B0C4-F5EEE5117C0E}.Debug|x64.ActiveCfg = Debug|Any CPU
		{D8495D3C-3169-4A08-B0C4-F5EEE5117C0E}.Debug|x64.Build.0 = Debug|Any CPU
		{D8495D3C-3169-4A08-B0C4-F5EEE5117C0E}.Debug|x86.ActiveCfg = Debug|Any CPU
		{D8495D3C-3169-4A08-B0C4-F5EEE5117C0E}.Debug|x86.Build.0 = Debug|Any CPU
		{D8495D3C-3169-4A08-B0C4-F5EEE5117C0E}.Release|Any CPU.ActiveCfg = Release|Any CPU
		{D8495D3C-3169-4A08-B0C4-F5EEE5117C0E}.Release|Any CPU.Build.0 = Release|Any CPU
		{D8495D3C-3169-4A08-B0C4-F5EEE5117C0E}.Release|ARM.ActiveCfg = Release|Any CPU
		{D8495D3C-3169-4A08-B0C4-F5EEE5117C0E}.Release|ARM.Build.0 = Release|Any CPU
		{D8495D3C-3169-4A08-B0C4-F5EEE5117C0E}.Release|ARM64.ActiveCfg = Release|Any CPU
		{D8495D3C-3169-4A08-B0C4-F5EEE5117C0E}.Release|ARM64.Build.0 = Release|Any CPU
		{D8495D3C-3169-4A08-B0C4-F5EEE5117C0E}.Release|x64.ActiveCfg = Release|Any CPU
		{D8495D3C-3169-4A08-B0C4-F5EEE5117C0E}.Release|x64.Build.0 = Release|Any CPU
		{D8495D3C-3169-4A08-B0C4-F5EEE5117C0E}.Release|x86.ActiveCfg = Release|Any CPU
		{D8495D3C-3169-4A08-B0C4-F5EEE5117C0E}.Release|x86.Build.0 = Release|Any CPU
		{0CB7BF44-2619-4597-82C4-75F513345EBA}.Debug|Any CPU.ActiveCfg = Debug|Any CPU
		{0CB7BF44-2619-4597-82C4-75F513345EBA}.Debug|Any CPU.Build.0 = Debug|Any CPU
		{0CB7BF44-2619-4597-82C4-75F513345EBA}.Debug|Any CPU.Deploy.0 = Debug|Any CPU
		{0CB7BF44-2619-4597-82C4-75F513345EBA}.Debug|ARM.ActiveCfg = Debug|ARM
		{0CB7BF44-2619-4597-82C4-75F513345EBA}.Debug|ARM.Build.0 = Debug|ARM
		{0CB7BF44-2619-4597-82C4-75F513345EBA}.Debug|ARM.Deploy.0 = Debug|ARM
		{0CB7BF44-2619-4597-82C4-75F513345EBA}.Debug|ARM64.ActiveCfg = Debug|ARM64
		{0CB7BF44-2619-4597-82C4-75F513345EBA}.Debug|ARM64.Build.0 = Debug|ARM64
		{0CB7BF44-2619-4597-82C4-75F513345EBA}.Debug|ARM64.Deploy.0 = Debug|ARM64
		{0CB7BF44-2619-4597-82C4-75F513345EBA}.Debug|x64.ActiveCfg = Debug|x64
		{0CB7BF44-2619-4597-82C4-75F513345EBA}.Debug|x64.Build.0 = Debug|x64
		{0CB7BF44-2619-4597-82C4-75F513345EBA}.Debug|x64.Deploy.0 = Debug|x64
		{0CB7BF44-2619-4597-82C4-75F513345EBA}.Debug|x86.ActiveCfg = Debug|x86
		{0CB7BF44-2619-4597-82C4-75F513345EBA}.Debug|x86.Build.0 = Debug|x86
		{0CB7BF44-2619-4597-82C4-75F513345EBA}.Debug|x86.Deploy.0 = Debug|x86
		{0CB7BF44-2619-4597-82C4-75F513345EBA}.Release|Any CPU.ActiveCfg = Release|Any CPU
		{0CB7BF44-2619-4597-82C4-75F513345EBA}.Release|Any CPU.Build.0 = Release|Any CPU
		{0CB7BF44-2619-4597-82C4-75F513345EBA}.Release|Any CPU.Deploy.0 = Release|Any CPU
		{0CB7BF44-2619-4597-82C4-75F513345EBA}.Release|ARM.ActiveCfg = Release|ARM
		{0CB7BF44-2619-4597-82C4-75F513345EBA}.Release|ARM.Build.0 = Release|ARM
		{0CB7BF44-2619-4597-82C4-75F513345EBA}.Release|ARM.Deploy.0 = Release|ARM
		{0CB7BF44-2619-4597-82C4-75F513345EBA}.Release|ARM64.ActiveCfg = Release|ARM64
		{0CB7BF44-2619-4597-82C4-75F513345EBA}.Release|ARM64.Build.0 = Release|ARM64
		{0CB7BF44-2619-4597-82C4-75F513345EBA}.Release|ARM64.Deploy.0 = Release|ARM64
		{0CB7BF44-2619-4597-82C4-75F513345EBA}.Release|x64.ActiveCfg = Release|x64
		{0CB7BF44-2619-4597-82C4-75F513345EBA}.Release|x64.Build.0 = Release|x64
		{0CB7BF44-2619-4597-82C4-75F513345EBA}.Release|x64.Deploy.0 = Release|x64
		{0CB7BF44-2619-4597-82C4-75F513345EBA}.Release|x86.ActiveCfg = Release|x86
		{0CB7BF44-2619-4597-82C4-75F513345EBA}.Release|x86.Build.0 = Release|x86
		{0CB7BF44-2619-4597-82C4-75F513345EBA}.Release|x86.Deploy.0 = Release|x86
	EndGlobalSection
	GlobalSection(SolutionProperties) = preSolution
		HideSolutionNode = FALSE
	EndGlobalSection
	GlobalSection(ExtensibilityGlobals) = postSolution
		SolutionGuid = {16B614A9-1CA8-4F64-AF4F-49E297A8D0FA}
	EndGlobalSection
EndGlobal
