
Microsoft Visual Studio Solution File, Format Version 12.00
# Visual Studio Version 17
VisualStudioVersion = 17.5.33530.505
MinimumVisualStudioVersion = 10.0.40219.1
Project("{FAE04EC0-301F-11D3-BF4B-00C04F79EFBC}") = "WingetUIShareComponent", "WingetUIShareComponent\WingetUIShareComponent.csproj", "{A7B1E738-96C6-4076-9AF7-DF5ADFA6C5E4}"
EndProject
Global
	GlobalSection(SolutionConfigurationPlatforms) = preSolution
		Debug|Any CPU = Debug|Any CPU
		Release|Any CPU = Release|Any CPU
	EndGlobalSection
	GlobalSection(ProjectConfigurationPlatforms) = postSolution
		{A7B1E738-96C6-4076-9AF7-DF5ADFA6C5E4}.Debug|Any CPU.ActiveCfg = Debug|Any CPU
		{A7B1E738-96C6-4076-9AF7-DF5ADFA6C5E4}.Debug|Any CPU.Build.0 = Debug|Any CPU
		{A7B1E738-96C6-4076-9AF7-DF5ADFA6C5E4}.Release|Any CPU.ActiveCfg = Release|Any CPU
		{A7B1E738-96C6-4076-9AF7-DF5ADFA6C5E4}.Release|Any CPU.Build.0 = Release|Any CPU
	EndGlobalSection
	GlobalSection(SolutionProperties) = preSolution
		HideSolutionNode = FALSE
	EndGlobalSection
	GlobalSection(ExtensibilityGlobals) = postSolution
		SolutionGuid = {9520C8AE-FB3B-4B20-90F0-D860E63EC9ED}
	EndGlobalSection
EndGlobal
