
Microsoft Visual Studio Solution File, Format Version 12.00
# Visual Studio Version 17
VisualStudioVersion = 17.11.35303.130
MinimumVisualStudioVersion = 10.0.40219.1
Project("{54435603-DBB4-11D2-8724-00A0C9A8B90C}") = "MsiInstallerWrapper", "MsiInstallerWrapper.vdproj", "{EE7E4697-83BE-454A-8188-714D27776721}"
EndProject
Global
	GlobalSection(SolutionConfigurationPlatforms) = preSolution
		Debug|Default = Debug|Default
		Release|Default = Release|Default
	EndGlobalSection
	GlobalSection(ProjectConfigurationPlatforms) = postSolution
		{EE7E4697-83BE-454A-8188-714D27776721}.Debug|Default.ActiveCfg = Debug
		{EE7E4697-83BE-454A-8188-714D27776721}.Debug|Default.Build.0 = Debug
		{EE7E4697-83BE-454A-8188-714D27776721}.Release|Default.ActiveCfg = Release
		{EE7E4697-83BE-454A-8188-714D27776721}.Release|Default.Build.0 = Release
	EndGlobalSection
	GlobalSection(SolutionProperties) = preSolution
		HideSolutionNode = FALSE
	EndGlobalSection
	GlobalSection(ExtensibilityGlobals) = postSolution
		SolutionGuid = {FD6F7794-50E5-477C-90BC-D877BB2CDDED}
	EndGlobalSection
EndGlobal
