
Microsoft Visual Studio Solution File, Format Version 12.00
# Visual Studio Version 17
VisualStudioVersion = 17.5.002.0
MinimumVisualStudioVersion = 10.0.40219.1
Project("{9A19103F-16F7-4668-BE54-9A1E7A4F7556}") = "wingetui-interface", "wingetui-interface.csproj", "{E9992859-A93B-48F9-BC5A-1ACFBA6EC3BB}"
EndProject
Global
	GlobalSection(SolutionConfigurationPlatforms) = preSolution
		Debug|Any CPU = Debug|Any CPU
		Release|Any CPU = Release|Any CPU
	EndGlobalSection
	GlobalSection(ProjectConfigurationPlatforms) = postSolution
		{E9992859-A93B-48F9-BC5A-1ACFBA6EC3BB}.Debug|Any CPU.ActiveCfg = Debug|Any CPU
		{E9992859-A93B-48F9-BC5A-1ACFBA6EC3BB}.Debug|Any CPU.Build.0 = Debug|Any CPU
		{E9992859-A93B-48F9-BC5A-1ACFBA6EC3BB}.Release|Any CPU.ActiveCfg = Release|Any CPU
		{E9992859-A93B-48F9-BC5A-1ACFBA6EC3BB}.Release|Any CPU.Build.0 = Release|Any CPU
	EndGlobalSection
	GlobalSection(SolutionProperties) = preSolution
		HideSolutionNode = FALSE
	EndGlobalSection
	GlobalSection(ExtensibilityGlobals) = postSolution
		SolutionGuid = {04CCA3E1-FB4E-4377-AFA3-DAD9C809CF77}
	EndGlobalSection
EndGlobal
