
Microsoft Visual Studio Solution File, Format Version 12.00
# Visual Studio Version 17
VisualStudioVersion = 17.9.34407.89
MinimumVisualStudioVersion = 10.0.40219.1
Project("{9A19103F-16F7-4668-BE54-9A1E7A4F7556}") = "UniGetUI", "UniGetUI\UniGetUI.csproj", "{80305A17-2534-48DC-8F75-41F70FCCEAAF}"
EndProject
Project("{2150E333-8FDC-42A3-9474-1A3956D46DE8}") = "Solution Items", "Solution Items", "{91C79476-A7DF-4CC0-B610-FB095234847B}"
	ProjectSection(SolutionItems) = preProject
		.editorconfig = .editorconfig
	EndProjectSection
EndProject
Project("{9A19103F-16F7-4668-BE54-9A1E7A4F7556}") = "WindowsPackageManager Interop", "WindowsPackageManager.Interop\WindowsPackageManager Interop.csproj", "{52AC982E-7382-4746-BB66-4003698FCC02}"
EndProject
Project("{9A19103F-16F7-4668-BE54-9A1E7A4F7556}") = "UniGetUI.lib", "UniGetUI.lib\UniGetUI.lib.csproj", "{862D2727-A38D-4758-B38C-C113788431FD}"
EndProject
Project("{9A19103F-16F7-4668-BE54-9A1E7A4F7556}") = "UniGetUI.Tests", "UniGetUI.tests\UniGetUI.Tests.csproj", "{ACAB175E-6DCC-47AD-A475-943A1FE1EE8F}"
EndProject
Global
	GlobalSection(SolutionConfigurationPlatforms) = preSolution
		Debug|Any CPU = Debug|Any CPU
		Debug|ARM64 = Debug|ARM64
		Debug|x64 = Debug|x64
		Debug|x86 = Debug|x86
		Release|Any CPU = Release|Any CPU
		Release|ARM64 = Release|ARM64
		Release|x64 = Release|x64
		Release|x86 = Release|x86
	EndGlobalSection
	GlobalSection(ProjectConfigurationPlatforms) = postSolution
		{80305A17-2534-48DC-8F75-41F70FCCEAAF}.Debug|Any CPU.ActiveCfg = Debug|x64
		{80305A17-2534-48DC-8F75-41F70FCCEAAF}.Debug|Any CPU.Build.0 = Debug|x64
		{80305A17-2534-48DC-8F75-41F70FCCEAAF}.Debug|ARM64.ActiveCfg = Debug|ARM64
		{80305A17-2534-48DC-8F75-41F70FCCEAAF}.Debug|ARM64.Build.0 = Debug|ARM64
		{80305A17-2534-48DC-8F75-41F70FCCEAAF}.Debug|ARM64.Deploy.0 = Debug|ARM64
		{80305A17-2534-48DC-8F75-41F70FCCEAAF}.Debug|x64.ActiveCfg = Debug|x64
		{80305A17-2534-48DC-8F75-41F70FCCEAAF}.Debug|x64.Build.0 = Debug|x64
		{80305A17-2534-48DC-8F75-41F70FCCEAAF}.Debug|x64.Deploy.0 = Debug|x64
		{80305A17-2534-48DC-8F75-41F70FCCEAAF}.Debug|x86.ActiveCfg = Debug|x86
		{80305A17-2534-48DC-8F75-41F70FCCEAAF}.Debug|x86.Build.0 = Debug|x86
		{80305A17-2534-48DC-8F75-41F70FCCEAAF}.Debug|x86.Deploy.0 = Debug|x86
		{80305A17-2534-48DC-8F75-41F70FCCEAAF}.Release|Any CPU.ActiveCfg = Release|x64
		{80305A17-2534-48DC-8F75-41F70FCCEAAF}.Release|Any CPU.Build.0 = Release|x64
		{80305A17-2534-48DC-8F75-41F70FCCEAAF}.Release|ARM64.ActiveCfg = Release|ARM64
		{80305A17-2534-48DC-8F75-41F70FCCEAAF}.Release|ARM64.Build.0 = Release|ARM64
		{80305A17-2534-48DC-8F75-41F70FCCEAAF}.Release|ARM64.Deploy.0 = Release|ARM64
		{80305A17-2534-48DC-8F75-41F70FCCEAAF}.Release|x64.ActiveCfg = Release|x64
		{80305A17-2534-48DC-8F75-41F70FCCEAAF}.Release|x64.Build.0 = Release|x64
		{80305A17-2534-48DC-8F75-41F70FCCEAAF}.Release|x64.Deploy.0 = Release|x64
		{80305A17-2534-48DC-8F75-41F70FCCEAAF}.Release|x86.ActiveCfg = Release|x86
		{80305A17-2534-48DC-8F75-41F70FCCEAAF}.Release|x86.Build.0 = Release|x86
		{80305A17-2534-48DC-8F75-41F70FCCEAAF}.Release|x86.Deploy.0 = Release|x86
		{52AC982E-7382-4746-BB66-4003698FCC02}.Debug|Any CPU.ActiveCfg = Debug|x64
		{52AC982E-7382-4746-BB66-4003698FCC02}.Debug|Any CPU.Build.0 = Debug|x64
		{52AC982E-7382-4746-BB66-4003698FCC02}.Debug|ARM64.ActiveCfg = Debug|arm64
		{52AC982E-7382-4746-BB66-4003698FCC02}.Debug|ARM64.Build.0 = Debug|arm64
		{52AC982E-7382-4746-BB66-4003698FCC02}.Debug|x64.ActiveCfg = Debug|x64
		{52AC982E-7382-4746-BB66-4003698FCC02}.Debug|x64.Build.0 = Debug|x64
		{52AC982E-7382-4746-BB66-4003698FCC02}.Debug|x86.ActiveCfg = Debug|x86
		{52AC982E-7382-4746-BB66-4003698FCC02}.Debug|x86.Build.0 = Debug|x86
		{52AC982E-7382-4746-BB66-4003698FCC02}.Release|Any CPU.ActiveCfg = Release|x64
		{52AC982E-7382-4746-BB66-4003698FCC02}.Release|Any CPU.Build.0 = Release|x64
		{52AC982E-7382-4746-BB66-4003698FCC02}.Release|ARM64.ActiveCfg = Release|arm64
		{52AC982E-7382-4746-BB66-4003698FCC02}.Release|ARM64.Build.0 = Release|arm64
		{52AC982E-7382-4746-BB66-4003698FCC02}.Release|x64.ActiveCfg = Release|x64
		{52AC982E-7382-4746-BB66-4003698FCC02}.Release|x64.Build.0 = Release|x64
		{52AC982E-7382-4746-BB66-4003698FCC02}.Release|x86.ActiveCfg = Release|x86
		{52AC982E-7382-4746-BB66-4003698FCC02}.Release|x86.Build.0 = Release|x86
		{862D2727-A38D-4758-B38C-C113788431FD}.Debug|Any CPU.ActiveCfg = Debug|Any CPU
		{862D2727-A38D-4758-B38C-C113788431FD}.Debug|Any CPU.Build.0 = Debug|Any CPU
		{862D2727-A38D-4758-B38C-C113788431FD}.Debug|ARM64.ActiveCfg = Debug|Any CPU
		{862D2727-A38D-4758-B38C-C113788431FD}.Debug|ARM64.Build.0 = Debug|Any CPU
		{862D2727-A38D-4758-B38C-C113788431FD}.Debug|x64.ActiveCfg = Debug|Any CPU
		{862D2727-A38D-4758-B38C-C113788431FD}.Debug|x64.Build.0 = Debug|Any CPU
		{862D2727-A38D-4758-B38C-C113788431FD}.Debug|x86.ActiveCfg = Debug|Any CPU
		{862D2727-A38D-4758-B38C-C113788431FD}.Debug|x86.Build.0 = Debug|Any CPU
		{862D2727-A38D-4758-B38C-C113788431FD}.Release|Any CPU.ActiveCfg = Release|Any CPU
		{862D2727-A38D-4758-B38C-C113788431FD}.Release|Any CPU.Build.0 = Release|Any CPU
		{862D2727-A38D-4758-B38C-C113788431FD}.Release|ARM64.ActiveCfg = Release|Any CPU
		{862D2727-A38D-4758-B38C-C113788431FD}.Release|ARM64.Build.0 = Release|Any CPU
		{862D2727-A38D-4758-B38C-C113788431FD}.Release|x64.ActiveCfg = Release|Any CPU
		{862D2727-A38D-4758-B38C-C113788431FD}.Release|x64.Build.0 = Release|Any CPU
		{862D2727-A38D-4758-B38C-C113788431FD}.Release|x86.ActiveCfg = Release|Any CPU
		{862D2727-A38D-4758-B38C-C113788431FD}.Release|x86.Build.0 = Release|Any CPU
		{ACAB175E-6DCC-47AD-A475-943A1FE1EE8F}.Debug|Any CPU.ActiveCfg = Debug|Any CPU
		{ACAB175E-6DCC-47AD-A475-943A1FE1EE8F}.Debug|Any CPU.Build.0 = Debug|Any CPU
		{ACAB175E-6DCC-47AD-A475-943A1FE1EE8F}.Debug|ARM64.ActiveCfg = Debug|Any CPU
		{ACAB175E-6DCC-47AD-A475-943A1FE1EE8F}.Debug|ARM64.Build.0 = Debug|Any CPU
		{ACAB175E-6DCC-47AD-A475-943A1FE1EE8F}.Debug|x64.ActiveCfg = Debug|Any CPU
		{ACAB175E-6DCC-47AD-A475-943A1FE1EE8F}.Debug|x64.Build.0 = Debug|Any CPU
		{ACAB175E-6DCC-47AD-A475-943A1FE1EE8F}.Debug|x86.ActiveCfg = Debug|Any CPU
		{ACAB175E-6DCC-47AD-A475-943A1FE1EE8F}.Debug|x86.Build.0 = Debug|Any CPU
		{ACAB175E-6DCC-47AD-A475-943A1FE1EE8F}.Release|Any CPU.ActiveCfg = Release|Any CPU
		{ACAB175E-6DCC-47AD-A475-943A1FE1EE8F}.Release|Any CPU.Build.0 = Release|Any CPU
		{ACAB175E-6DCC-47AD-A475-943A1FE1EE8F}.Release|ARM64.ActiveCfg = Release|Any CPU
		{ACAB175E-6DCC-47AD-A475-943A1FE1EE8F}.Release|ARM64.Build.0 = Release|Any CPU
		{ACAB175E-6DCC-47AD-A475-943A1FE1EE8F}.Release|x64.ActiveCfg = Release|Any CPU
		{ACAB175E-6DCC-47AD-A475-943A1FE1EE8F}.Release|x64.Build.0 = Release|Any CPU
		{ACAB175E-6DCC-47AD-A475-943A1FE1EE8F}.Release|x86.ActiveCfg = Release|Any CPU
		{ACAB175E-6DCC-47AD-A475-943A1FE1EE8F}.Release|x86.Build.0 = Release|Any CPU
	EndGlobalSection
	GlobalSection(SolutionProperties) = preSolution
		HideSolutionNode = FALSE
	EndGlobalSection
	GlobalSection(ExtensibilityGlobals) = postSolution
		SolutionGuid = {D044BB14-0B37-47E5-A579-8B30FCBA1F9F}
	EndGlobalSection
EndGlobal
