
Microsoft Visual Studio Solution File, Format Version 12.00
# Visual Studio Version 17
VisualStudioVersion = 17.9.34407.89
MinimumVisualStudioVersion = 10.0.40219.1
Project("{9A19103F-16F7-4668-BE54-9A1E7A4F7556}") = "UniGetUI", "UniGetUI\UniGetUI.csproj", "{80305A17-2534-48DC-8F75-41F70FCCEAAF}"
EndProject
Project("{9A19103F-16F7-4668-BE54-9A1E7A4F7556}") = "WindowsPackageManager Interop", "WindowsPackageManager.Interop\WindowsPackageManager Interop.csproj", "{52AC982E-7382-4746-BB66-4003698FCC02}"
EndProject
Project("{2150E333-8FDC-42A3-9474-1A3956D46DE8}") = "UniGetUI.Core", "UniGetUI.Core", "{E05D1183-D360-4AFE-8968-314A34FAD3B2}"
EndProject
Project("{9A19103F-16F7-4668-BE54-9A1E7A4F7556}") = "UniGetUI.Core.Data", "UniGetUI.Core.Data\UniGetUI.Core.Data.csproj", "{5F5EF76B-D755-4C12-ADAE-11F08CE3D936}"
EndProject
Project("{9A19103F-16F7-4668-BE54-9A1E7A4F7556}") = "UniGetUI.Core.Language", "UniGetUI.Core.LanguageEngine\UniGetUI.Core.Language.csproj", "{B70A6F17-08C8-4194-BBE8-668CA920CFF3}"
EndProject
Project("{9A19103F-16F7-4668-BE54-9A1E7A4F7556}") = "UniGetUI.Core.Logging", "UniGetUI.Core.Logger\UniGetUI.Core.Logging.csproj", "{72180B0C-3D20-4AAD-B015-A9337B91406E}"
EndProject
Project("{9A19103F-16F7-4668-BE54-9A1E7A4F7556}") = "UniGetUI.Core.Settings", "UniGetUI.Core.Settings\UniGetUI.Core.Settings.csproj", "{1977360F-2E42-45E6-9369-AB1EE59CC5C5}"
EndProject
Project("{9A19103F-16F7-4668-BE54-9A1E7A4F7556}") = "UniGetUI.Core.Tools", "UniGetUI.Core.Tools\UniGetUI.Core.Tools.csproj", "{25C6CE64-2D61-4832-B6D2-45AFC52E2447}"
EndProject
Project("{9A19103F-16F7-4668-BE54-9A1E7A4F7556}") = "UniGetUI.Core.Classes", "UniGetUI.Core.Classes\UniGetUI.Core.Classes.csproj", "{8156B6D8-BD7E-4201-BD8B-8C9B00177F88}"
EndProject
Project("{9A19103F-16F7-4668-BE54-9A1E7A4F7556}") = "UniGetUI.Core.IconEngine", "UniGetUI.Core.IconStore\UniGetUI.Core.IconEngine.csproj", "{990F5AFF-ABF6-4019-865D-604D2B23DE2C}"
EndProject
Project("{9A19103F-16F7-4668-BE54-9A1E7A4F7556}") = "UniGetUI.PackageEngine.Enums", "UniGetUI.PackageEngine.Enums\UniGetUI.PackageEngine.Enums.csproj", "{380E9F5A-23DE-4F5A-9644-EFA51AD1D8E8}"
EndProject
Project("{9A19103F-16F7-4668-BE54-9A1E7A4F7556}") = "UniGetUI.Interface.Enums", "UniGetUI.Interface.Enums\UniGetUI.Interface.Enums.csproj", "{5A48C2FD-16E4-4B44-BC2C-D793C50E66F2}"
EndProject
Project("{2150E333-8FDC-42A3-9474-1A3956D46DE8}") = "UniGetUI.PackageEngine", "UniGetUI.PackageEngine", "{7940E867-EEBA-4AFD-9904-1536F003239C}"
EndProject
Project("{2150E333-8FDC-42A3-9474-1A3956D46DE8}") = "UniGetUI.Interface", "UniGetUI.Interface", "{8CF74C87-534F-4017-A4ED-F2918025E31A}"
EndProject
Project("{2150E333-8FDC-42A3-9474-1A3956D46DE8}") = "ExternalLibraries", "ExternalLibraries", "{7648DA91-6239-4877-86C6-2E5A79755F1E}"
EndProject
Project("{9A19103F-16F7-4668-BE54-9A1E7A4F7556}") = "ExternalLibraries.Clipboard", "ExternalLibraries.Clipboard\ExternalLibraries.Clipboard.csproj", "{9AD1DEC9-1561-4753-AB4B-E81FBDBA5C9E}"
EndProject
Project("{9A19103F-16F7-4668-BE54-9A1E7A4F7556}") = "ExternalLibraries.FilePickers", "ExternalLibraries.FilePickers\ExternalLibraries.FilePickers.csproj", "{E40BFCBB-7A02-4E2C-AFDB-A717359EF4FC}"
EndProject
Global
	GlobalSection(SolutionConfigurationPlatforms) = preSolution
		Debug|Any CPU = Debug|Any CPU
		Debug|ARM64 = Debug|ARM64
		Debug|x64 = Debug|x64
		Debug|x86 = Debug|x86
		Release|Any CPU = Release|Any CPU
		Release|ARM64 = Release|ARM64
		Release|x64 = Release|x64
		Release|x86 = Release|x86
	EndGlobalSection
	GlobalSection(ProjectConfigurationPlatforms) = postSolution
		{80305A17-2534-48DC-8F75-41F70FCCEAAF}.Debug|Any CPU.ActiveCfg = Debug|x64
		{80305A17-2534-48DC-8F75-41F70FCCEAAF}.Debug|Any CPU.Build.0 = Debug|x64
		{80305A17-2534-48DC-8F75-41F70FCCEAAF}.Debug|ARM64.ActiveCfg = Debug|ARM64
		{80305A17-2534-48DC-8F75-41F70FCCEAAF}.Debug|ARM64.Build.0 = Debug|ARM64
		{80305A17-2534-48DC-8F75-41F70FCCEAAF}.Debug|ARM64.Deploy.0 = Debug|ARM64
		{80305A17-2534-48DC-8F75-41F70FCCEAAF}.Debug|x64.ActiveCfg = Debug|x64
		{80305A17-2534-48DC-8F75-41F70FCCEAAF}.Debug|x64.Build.0 = Debug|x64
		{80305A17-2534-48DC-8F75-41F70FCCEAAF}.Debug|x64.Deploy.0 = Debug|x64
		{80305A17-2534-48DC-8F75-41F70FCCEAAF}.Debug|x86.ActiveCfg = Debug|x86
		{80305A17-2534-48DC-8F75-41F70FCCEAAF}.Debug|x86.Build.0 = Debug|x86
		{80305A17-2534-48DC-8F75-41F70FCCEAAF}.Debug|x86.Deploy.0 = Debug|x86
		{80305A17-2534-48DC-8F75-41F70FCCEAAF}.Release|Any CPU.ActiveCfg = Release|x64
		{80305A17-2534-48DC-8F75-41F70FCCEAAF}.Release|Any CPU.Build.0 = Release|x64
		{80305A17-2534-48DC-8F75-41F70FCCEAAF}.Release|ARM64.ActiveCfg = Release|ARM64
		{80305A17-2534-48DC-8F75-41F70FCCEAAF}.Release|ARM64.Build.0 = Release|ARM64
		{80305A17-2534-48DC-8F75-41F70FCCEAAF}.Release|ARM64.Deploy.0 = Release|ARM64
		{80305A17-2534-48DC-8F75-41F70FCCEAAF}.Release|x64.ActiveCfg = Release|x64
		{80305A17-2534-48DC-8F75-41F70FCCEAAF}.Release|x64.Build.0 = Release|x64
		{80305A17-2534-48DC-8F75-41F70FCCEAAF}.Release|x64.Deploy.0 = Release|x64
		{80305A17-2534-48DC-8F75-41F70FCCEAAF}.Release|x86.ActiveCfg = Release|x86
		{80305A17-2534-48DC-8F75-41F70FCCEAAF}.Release|x86.Build.0 = Release|x86
		{80305A17-2534-48DC-8F75-41F70FCCEAAF}.Release|x86.Deploy.0 = Release|x86
		{52AC982E-7382-4746-BB66-4003698FCC02}.Debug|Any CPU.ActiveCfg = Debug|x64
		{52AC982E-7382-4746-BB66-4003698FCC02}.Debug|Any CPU.Build.0 = Debug|x64
		{52AC982E-7382-4746-BB66-4003698FCC02}.Debug|ARM64.ActiveCfg = Debug|arm64
		{52AC982E-7382-4746-BB66-4003698FCC02}.Debug|ARM64.Build.0 = Debug|arm64
		{52AC982E-7382-4746-BB66-4003698FCC02}.Debug|x64.ActiveCfg = Debug|x64
		{52AC982E-7382-4746-BB66-4003698FCC02}.Debug|x64.Build.0 = Debug|x64
		{52AC982E-7382-4746-BB66-4003698FCC02}.Debug|x86.ActiveCfg = Debug|x86
		{52AC982E-7382-4746-BB66-4003698FCC02}.Debug|x86.Build.0 = Debug|x86
		{52AC982E-7382-4746-BB66-4003698FCC02}.Release|Any CPU.ActiveCfg = Release|x64
		{52AC982E-7382-4746-BB66-4003698FCC02}.Release|Any CPU.Build.0 = Release|x64
		{52AC982E-7382-4746-BB66-4003698FCC02}.Release|ARM64.ActiveCfg = Release|arm64
		{52AC982E-7382-4746-BB66-4003698FCC02}.Release|ARM64.Build.0 = Release|arm64
		{52AC982E-7382-4746-BB66-4003698FCC02}.Release|x64.ActiveCfg = Release|x64
		{52AC982E-7382-4746-BB66-4003698FCC02}.Release|x64.Build.0 = Release|x64
		{52AC982E-7382-4746-BB66-4003698FCC02}.Release|x86.ActiveCfg = Release|x86
		{52AC982E-7382-4746-BB66-4003698FCC02}.Release|x86.Build.0 = Release|x86
		{5F5EF76B-D755-4C12-ADAE-11F08CE3D936}.Debug|Any CPU.ActiveCfg = Debug|Any CPU
		{5F5EF76B-D755-4C12-ADAE-11F08CE3D936}.Debug|Any CPU.Build.0 = Debug|Any CPU
		{5F5EF76B-D755-4C12-ADAE-11F08CE3D936}.Debug|ARM64.ActiveCfg = Debug|Any CPU
		{5F5EF76B-D755-4C12-ADAE-11F08CE3D936}.Debug|ARM64.Build.0 = Debug|Any CPU
		{5F5EF76B-D755-4C12-ADAE-11F08CE3D936}.Debug|x64.ActiveCfg = Debug|Any CPU
		{5F5EF76B-D755-4C12-ADAE-11F08CE3D936}.Debug|x64.Build.0 = Debug|Any CPU
		{5F5EF76B-D755-4C12-ADAE-11F08CE3D936}.Debug|x86.ActiveCfg = Debug|Any CPU
		{5F5EF76B-D755-4C12-ADAE-11F08CE3D936}.Debug|x86.Build.0 = Debug|Any CPU
		{5F5EF76B-D755-4C12-ADAE-11F08CE3D936}.Release|Any CPU.ActiveCfg = Release|Any CPU
		{5F5EF76B-D755-4C12-ADAE-11F08CE3D936}.Release|Any CPU.Build.0 = Release|Any CPU
		{5F5EF76B-D755-4C12-ADAE-11F08CE3D936}.Release|ARM64.ActiveCfg = Release|Any CPU
		{5F5EF76B-D755-4C12-ADAE-11F08CE3D936}.Release|ARM64.Build.0 = Release|Any CPU
		{5F5EF76B-D755-4C12-ADAE-11F08CE3D936}.Release|x64.ActiveCfg = Release|Any CPU
		{5F5EF76B-D755-4C12-ADAE-11F08CE3D936}.Release|x64.Build.0 = Release|Any CPU
		{5F5EF76B-D755-4C12-ADAE-11F08CE3D936}.Release|x86.ActiveCfg = Release|Any CPU
		{5F5EF76B-D755-4C12-ADAE-11F08CE3D936}.Release|x86.Build.0 = Release|Any CPU
		{B70A6F17-08C8-4194-BBE8-668CA920CFF3}.Debug|Any CPU.ActiveCfg = Debug|Any CPU
		{B70A6F17-08C8-4194-BBE8-668CA920CFF3}.Debug|Any CPU.Build.0 = Debug|Any CPU
		{B70A6F17-08C8-4194-BBE8-668CA920CFF3}.Debug|ARM64.ActiveCfg = Debug|Any CPU
		{B70A6F17-08C8-4194-BBE8-668CA920CFF3}.Debug|ARM64.Build.0 = Debug|Any CPU
		{B70A6F17-08C8-4194-BBE8-668CA920CFF3}.Debug|x64.ActiveCfg = Debug|Any CPU
		{B70A6F17-08C8-4194-BBE8-668CA920CFF3}.Debug|x64.Build.0 = Debug|Any CPU
		{B70A6F17-08C8-4194-BBE8-668CA920CFF3}.Debug|x86.ActiveCfg = Debug|Any CPU
		{B70A6F17-08C8-4194-BBE8-668CA920CFF3}.Debug|x86.Build.0 = Debug|Any CPU
		{B70A6F17-08C8-4194-BBE8-668CA920CFF3}.Release|Any CPU.ActiveCfg = Release|Any CPU
		{B70A6F17-08C8-4194-BBE8-668CA920CFF3}.Release|Any CPU.Build.0 = Release|Any CPU
		{B70A6F17-08C8-4194-BBE8-668CA920CFF3}.Release|ARM64.ActiveCfg = Release|Any CPU
		{B70A6F17-08C8-4194-BBE8-668CA920CFF3}.Release|ARM64.Build.0 = Release|Any CPU
		{B70A6F17-08C8-4194-BBE8-668CA920CFF3}.Release|x64.ActiveCfg = Release|Any CPU
		{B70A6F17-08C8-4194-BBE8-668CA920CFF3}.Release|x64.Build.0 = Release|Any CPU
		{B70A6F17-08C8-4194-BBE8-668CA920CFF3}.Release|x86.ActiveCfg = Release|Any CPU
		{B70A6F17-08C8-4194-BBE8-668CA920CFF3}.Release|x86.Build.0 = Release|Any CPU
		{72180B0C-3D20-4AAD-B015-A9337B91406E}.Debug|Any CPU.ActiveCfg = Debug|Any CPU
		{72180B0C-3D20-4AAD-B015-A9337B91406E}.Debug|Any CPU.Build.0 = Debug|Any CPU
		{72180B0C-3D20-4AAD-B015-A9337B91406E}.Debug|ARM64.ActiveCfg = Debug|Any CPU
		{72180B0C-3D20-4AAD-B015-A9337B91406E}.Debug|ARM64.Build.0 = Debug|Any CPU
		{72180B0C-3D20-4AAD-B015-A9337B91406E}.Debug|x64.ActiveCfg = Debug|Any CPU
		{72180B0C-3D20-4AAD-B015-A9337B91406E}.Debug|x64.Build.0 = Debug|Any CPU
		{72180B0C-3D20-4AAD-B015-A9337B91406E}.Debug|x86.ActiveCfg = Debug|Any CPU
		{72180B0C-3D20-4AAD-B015-A9337B91406E}.Debug|x86.Build.0 = Debug|Any CPU
		{72180B0C-3D20-4AAD-B015-A9337B91406E}.Release|Any CPU.ActiveCfg = Release|Any CPU
		{72180B0C-3D20-4AAD-B015-A9337B91406E}.Release|Any CPU.Build.0 = Release|Any CPU
		{72180B0C-3D20-4AAD-B015-A9337B91406E}.Release|ARM64.ActiveCfg = Release|Any CPU
		{72180B0C-3D20-4AAD-B015-A9337B91406E}.Release|ARM64.Build.0 = Release|Any CPU
		{72180B0C-3D20-4AAD-B015-A9337B91406E}.Release|x64.ActiveCfg = Release|Any CPU
		{72180B0C-3D20-4AAD-B015-A9337B91406E}.Release|x64.Build.0 = Release|Any CPU
		{72180B0C-3D20-4AAD-B015-A9337B91406E}.Release|x86.ActiveCfg = Release|Any CPU
		{72180B0C-3D20-4AAD-B015-A9337B91406E}.Release|x86.Build.0 = Release|Any CPU
		{1977360F-2E42-45E6-9369-AB1EE59CC5C5}.Debug|Any CPU.ActiveCfg = Debug|Any CPU
		{1977360F-2E42-45E6-9369-AB1EE59CC5C5}.Debug|Any CPU.Build.0 = Debug|Any CPU
		{1977360F-2E42-45E6-9369-AB1EE59CC5C5}.Debug|ARM64.ActiveCfg = Debug|Any CPU
		{1977360F-2E42-45E6-9369-AB1EE59CC5C5}.Debug|ARM64.Build.0 = Debug|Any CPU
		{1977360F-2E42-45E6-9369-AB1EE59CC5C5}.Debug|x64.ActiveCfg = Debug|Any CPU
		{1977360F-2E42-45E6-9369-AB1EE59CC5C5}.Debug|x64.Build.0 = Debug|Any CPU
		{1977360F-2E42-45E6-9369-AB1EE59CC5C5}.Debug|x86.ActiveCfg = Debug|Any CPU
		{1977360F-2E42-45E6-9369-AB1EE59CC5C5}.Debug|x86.Build.0 = Debug|Any CPU
		{1977360F-2E42-45E6-9369-AB1EE59CC5C5}.Release|Any CPU.ActiveCfg = Release|Any CPU
		{1977360F-2E42-45E6-9369-AB1EE59CC5C5}.Release|Any CPU.Build.0 = Release|Any CPU
		{1977360F-2E42-45E6-9369-AB1EE59CC5C5}.Release|ARM64.ActiveCfg = Release|Any CPU
		{1977360F-2E42-45E6-9369-AB1EE59CC5C5}.Release|ARM64.Build.0 = Release|Any CPU
		{1977360F-2E42-45E6-9369-AB1EE59CC5C5}.Release|x64.ActiveCfg = Release|Any CPU
		{1977360F-2E42-45E6-9369-AB1EE59CC5C5}.Release|x64.Build.0 = Release|Any CPU
		{1977360F-2E42-45E6-9369-AB1EE59CC5C5}.Release|x86.ActiveCfg = Release|Any CPU
		{1977360F-2E42-45E6-9369-AB1EE59CC5C5}.Release|x86.Build.0 = Release|Any CPU
		{25C6CE64-2D61-4832-B6D2-45AFC52E2447}.Debug|Any CPU.ActiveCfg = Debug|Any CPU
		{25C6CE64-2D61-4832-B6D2-45AFC52E2447}.Debug|Any CPU.Build.0 = Debug|Any CPU
		{25C6CE64-2D61-4832-B6D2-45AFC52E2447}.Debug|ARM64.ActiveCfg = Debug|Any CPU
		{25C6CE64-2D61-4832-B6D2-45AFC52E2447}.Debug|ARM64.Build.0 = Debug|Any CPU
		{25C6CE64-2D61-4832-B6D2-45AFC52E2447}.Debug|x64.ActiveCfg = Debug|Any CPU
		{25C6CE64-2D61-4832-B6D2-45AFC52E2447}.Debug|x64.Build.0 = Debug|Any CPU
		{25C6CE64-2D61-4832-B6D2-45AFC52E2447}.Debug|x86.ActiveCfg = Debug|Any CPU
		{25C6CE64-2D61-4832-B6D2-45AFC52E2447}.Debug|x86.Build.0 = Debug|Any CPU
		{25C6CE64-2D61-4832-B6D2-45AFC52E2447}.Release|Any CPU.ActiveCfg = Release|Any CPU
		{25C6CE64-2D61-4832-B6D2-45AFC52E2447}.Release|Any CPU.Build.0 = Release|Any CPU
		{25C6CE64-2D61-4832-B6D2-45AFC52E2447}.Release|ARM64.ActiveCfg = Release|Any CPU
		{25C6CE64-2D61-4832-B6D2-45AFC52E2447}.Release|ARM64.Build.0 = Release|Any CPU
		{25C6CE64-2D61-4832-B6D2-45AFC52E2447}.Release|x64.ActiveCfg = Release|Any CPU
		{25C6CE64-2D61-4832-B6D2-45AFC52E2447}.Release|x64.Build.0 = Release|Any CPU
		{25C6CE64-2D61-4832-B6D2-45AFC52E2447}.Release|x86.ActiveCfg = Release|Any CPU
		{25C6CE64-2D61-4832-B6D2-45AFC52E2447}.Release|x86.Build.0 = Release|Any CPU
		{8156B6D8-BD7E-4201-BD8B-8C9B00177F88}.Debug|Any CPU.ActiveCfg = Debug|Any CPU
		{8156B6D8-BD7E-4201-BD8B-8C9B00177F88}.Debug|Any CPU.Build.0 = Debug|Any CPU
		{8156B6D8-BD7E-4201-BD8B-8C9B00177F88}.Debug|ARM64.ActiveCfg = Debug|Any CPU
		{8156B6D8-BD7E-4201-BD8B-8C9B00177F88}.Debug|ARM64.Build.0 = Debug|Any CPU
		{8156B6D8-BD7E-4201-BD8B-8C9B00177F88}.Debug|x64.ActiveCfg = Debug|Any CPU
		{8156B6D8-BD7E-4201-BD8B-8C9B00177F88}.Debug|x64.Build.0 = Debug|Any CPU
		{8156B6D8-BD7E-4201-BD8B-8C9B00177F88}.Debug|x86.ActiveCfg = Debug|Any CPU
		{8156B6D8-BD7E-4201-BD8B-8C9B00177F88}.Debug|x86.Build.0 = Debug|Any CPU
		{8156B6D8-BD7E-4201-BD8B-8C9B00177F88}.Release|Any CPU.ActiveCfg = Release|Any CPU
		{8156B6D8-BD7E-4201-BD8B-8C9B00177F88}.Release|Any CPU.Build.0 = Release|Any CPU
		{8156B6D8-BD7E-4201-BD8B-8C9B00177F88}.Release|ARM64.ActiveCfg = Release|Any CPU
		{8156B6D8-BD7E-4201-BD8B-8C9B00177F88}.Release|ARM64.Build.0 = Release|Any CPU
		{8156B6D8-BD7E-4201-BD8B-8C9B00177F88}.Release|x64.ActiveCfg = Release|Any CPU
		{8156B6D8-BD7E-4201-BD8B-8C9B00177F88}.Release|x64.Build.0 = Release|Any CPU
		{8156B6D8-BD7E-4201-BD8B-8C9B00177F88}.Release|x86.ActiveCfg = Release|Any CPU
		{8156B6D8-BD7E-4201-BD8B-8C9B00177F88}.Release|x86.Build.0 = Release|Any CPU
		{990F5AFF-ABF6-4019-865D-604D2B23DE2C}.Debug|Any CPU.ActiveCfg = Debug|Any CPU
		{990F5AFF-ABF6-4019-865D-604D2B23DE2C}.Debug|Any CPU.Build.0 = Debug|Any CPU
		{990F5AFF-ABF6-4019-865D-604D2B23DE2C}.Debug|ARM64.ActiveCfg = Debug|Any CPU
		{990F5AFF-ABF6-4019-865D-604D2B23DE2C}.Debug|ARM64.Build.0 = Debug|Any CPU
		{990F5AFF-ABF6-4019-865D-604D2B23DE2C}.Debug|x64.ActiveCfg = Debug|Any CPU
		{990F5AFF-ABF6-4019-865D-604D2B23DE2C}.Debug|x64.Build.0 = Debug|Any CPU
		{990F5AFF-ABF6-4019-865D-604D2B23DE2C}.Debug|x86.ActiveCfg = Debug|Any CPU
		{990F5AFF-ABF6-4019-865D-604D2B23DE2C}.Debug|x86.Build.0 = Debug|Any CPU
		{990F5AFF-ABF6-4019-865D-604D2B23DE2C}.Release|Any CPU.ActiveCfg = Release|Any CPU
		{990F5AFF-ABF6-4019-865D-604D2B23DE2C}.Release|Any CPU.Build.0 = Release|Any CPU
		{990F5AFF-ABF6-4019-865D-604D2B23DE2C}.Release|ARM64.ActiveCfg = Release|Any CPU
		{990F5AFF-ABF6-4019-865D-604D2B23DE2C}.Release|ARM64.Build.0 = Release|Any CPU
		{990F5AFF-ABF6-4019-865D-604D2B23DE2C}.Release|x64.ActiveCfg = Release|Any CPU
		{990F5AFF-ABF6-4019-865D-604D2B23DE2C}.Release|x64.Build.0 = Release|Any CPU
		{990F5AFF-ABF6-4019-865D-604D2B23DE2C}.Release|x86.ActiveCfg = Release|Any CPU
		{990F5AFF-ABF6-4019-865D-604D2B23DE2C}.Release|x86.Build.0 = Release|Any CPU
		{380E9F5A-23DE-4F5A-9644-EFA51AD1D8E8}.Debug|Any CPU.ActiveCfg = Debug|Any CPU
		{380E9F5A-23DE-4F5A-9644-EFA51AD1D8E8}.Debug|Any CPU.Build.0 = Debug|Any CPU
		{380E9F5A-23DE-4F5A-9644-EFA51AD1D8E8}.Debug|ARM64.ActiveCfg = Debug|Any CPU
		{380E9F5A-23DE-4F5A-9644-EFA51AD1D8E8}.Debug|ARM64.Build.0 = Debug|Any CPU
		{380E9F5A-23DE-4F5A-9644-EFA51AD1D8E8}.Debug|x64.ActiveCfg = Debug|Any CPU
		{380E9F5A-23DE-4F5A-9644-EFA51AD1D8E8}.Debug|x64.Build.0 = Debug|Any CPU
		{380E9F5A-23DE-4F5A-9644-EFA51AD1D8E8}.Debug|x86.ActiveCfg = Debug|Any CPU
		{380E9F5A-23DE-4F5A-9644-EFA51AD1D8E8}.Debug|x86.Build.0 = Debug|Any CPU
		{380E9F5A-23DE-4F5A-9644-EFA51AD1D8E8}.Release|Any CPU.ActiveCfg = Release|Any CPU
		{380E9F5A-23DE-4F5A-9644-EFA51AD1D8E8}.Release|Any CPU.Build.0 = Release|Any CPU
		{380E9F5A-23DE-4F5A-9644-EFA51AD1D8E8}.Release|ARM64.ActiveCfg = Release|Any CPU
		{380E9F5A-23DE-4F5A-9644-EFA51AD1D8E8}.Release|ARM64.Build.0 = Release|Any CPU
		{380E9F5A-23DE-4F5A-9644-EFA51AD1D8E8}.Release|x64.ActiveCfg = Release|Any CPU
		{380E9F5A-23DE-4F5A-9644-EFA51AD1D8E8}.Release|x64.Build.0 = Release|Any CPU
		{380E9F5A-23DE-4F5A-9644-EFA51AD1D8E8}.Release|x86.ActiveCfg = Release|Any CPU
		{380E9F5A-23DE-4F5A-9644-EFA51AD1D8E8}.Release|x86.Build.0 = Release|Any CPU
		{5A48C2FD-16E4-4B44-BC2C-D793C50E66F2}.Debug|Any CPU.ActiveCfg = Debug|Any CPU
		{5A48C2FD-16E4-4B44-BC2C-D793C50E66F2}.Debug|Any CPU.Build.0 = Debug|Any CPU
		{5A48C2FD-16E4-4B44-BC2C-D793C50E66F2}.Debug|ARM64.ActiveCfg = Debug|Any CPU
		{5A48C2FD-16E4-4B44-BC2C-D793C50E66F2}.Debug|ARM64.Build.0 = Debug|Any CPU
		{5A48C2FD-16E4-4B44-BC2C-D793C50E66F2}.Debug|x64.ActiveCfg = Debug|Any CPU
		{5A48C2FD-16E4-4B44-BC2C-D793C50E66F2}.Debug|x64.Build.0 = Debug|Any CPU
		{5A48C2FD-16E4-4B44-BC2C-D793C50E66F2}.Debug|x86.ActiveCfg = Debug|Any CPU
		{5A48C2FD-16E4-4B44-BC2C-D793C50E66F2}.Debug|x86.Build.0 = Debug|Any CPU
		{5A48C2FD-16E4-4B44-BC2C-D793C50E66F2}.Release|Any CPU.ActiveCfg = Release|Any CPU
		{5A48C2FD-16E4-4B44-BC2C-D793C50E66F2}.Release|Any CPU.Build.0 = Release|Any CPU
		{5A48C2FD-16E4-4B44-BC2C-D793C50E66F2}.Release|ARM64.ActiveCfg = Release|Any CPU
		{5A48C2FD-16E4-4B44-BC2C-D793C50E66F2}.Release|ARM64.Build.0 = Release|Any CPU
		{5A48C2FD-16E4-4B44-BC2C-D793C50E66F2}.Release|x64.ActiveCfg = Release|Any CPU
		{5A48C2FD-16E4-4B44-BC2C-D793C50E66F2}.Release|x64.Build.0 = Release|Any CPU
		{5A48C2FD-16E4-4B44-BC2C-D793C50E66F2}.Release|x86.ActiveCfg = Release|Any CPU
		{5A48C2FD-16E4-4B44-BC2C-D793C50E66F2}.Release|x86.Build.0 = Release|Any CPU
		{9AD1DEC9-1561-4753-AB4B-E81FBDBA5C9E}.Debug|Any CPU.ActiveCfg = Debug|Any CPU
		{9AD1DEC9-1561-4753-AB4B-E81FBDBA5C9E}.Debug|Any CPU.Build.0 = Debug|Any CPU
		{9AD1DEC9-1561-4753-AB4B-E81FBDBA5C9E}.Debug|ARM64.ActiveCfg = Debug|Any CPU
		{9AD1DEC9-1561-4753-AB4B-E81FBDBA5C9E}.Debug|ARM64.Build.0 = Debug|Any CPU
		{9AD1DEC9-1561-4753-AB4B-E81FBDBA5C9E}.Debug|x64.ActiveCfg = Debug|Any CPU
		{9AD1DEC9-1561-4753-AB4B-E81FBDBA5C9E}.Debug|x64.Build.0 = Debug|Any CPU
		{9AD1DEC9-1561-4753-AB4B-E81FBDBA5C9E}.Debug|x86.ActiveCfg = Debug|Any CPU
		{9AD1DEC9-1561-4753-AB4B-E81FBDBA5C9E}.Debug|x86.Build.0 = Debug|Any CPU
		{9AD1DEC9-1561-4753-AB4B-E81FBDBA5C9E}.Release|Any CPU.ActiveCfg = Release|Any CPU
		{9AD1DEC9-1561-4753-AB4B-E81FBDBA5C9E}.Release|Any CPU.Build.0 = Release|Any CPU
		{9AD1DEC9-1561-4753-AB4B-E81FBDBA5C9E}.Release|ARM64.ActiveCfg = Release|Any CPU
		{9AD1DEC9-1561-4753-AB4B-E81FBDBA5C9E}.Release|ARM64.Build.0 = Release|Any CPU
		{9AD1DEC9-1561-4753-AB4B-E81FBDBA5C9E}.Release|x64.ActiveCfg = Release|Any CPU
		{9AD1DEC9-1561-4753-AB4B-E81FBDBA5C9E}.Release|x64.Build.0 = Release|Any CPU
		{9AD1DEC9-1561-4753-AB4B-E81FBDBA5C9E}.Release|x86.ActiveCfg = Release|Any CPU
		{9AD1DEC9-1561-4753-AB4B-E81FBDBA5C9E}.Release|x86.Build.0 = Release|Any CPU
		{E40BFCBB-7A02-4E2C-AFDB-A717359EF4FC}.Debug|Any CPU.ActiveCfg = Debug|Any CPU
		{E40BFCBB-7A02-4E2C-AFDB-A717359EF4FC}.Debug|Any CPU.Build.0 = Debug|Any CPU
		{E40BFCBB-7A02-4E2C-AFDB-A717359EF4FC}.Debug|ARM64.ActiveCfg = Debug|Any CPU
		{E40BFCBB-7A02-4E2C-AFDB-A717359EF4FC}.Debug|ARM64.Build.0 = Debug|Any CPU
		{E40BFCBB-7A02-4E2C-AFDB-A717359EF4FC}.Debug|x64.ActiveCfg = Debug|Any CPU
		{E40BFCBB-7A02-4E2C-AFDB-A717359EF4FC}.Debug|x64.Build.0 = Debug|Any CPU
		{E40BFCBB-7A02-4E2C-AFDB-A717359EF4FC}.Debug|x86.ActiveCfg = Debug|Any CPU
		{E40BFCBB-7A02-4E2C-AFDB-A717359EF4FC}.Debug|x86.Build.0 = Debug|Any CPU
		{E40BFCBB-7A02-4E2C-AFDB-A717359EF4FC}.Release|Any CPU.ActiveCfg = Release|Any CPU
		{E40BFCBB-7A02-4E2C-AFDB-A717359EF4FC}.Release|Any CPU.Build.0 = Release|Any CPU
		{E40BFCBB-7A02-4E2C-AFDB-A717359EF4FC}.Release|ARM64.ActiveCfg = Release|Any CPU
		{E40BFCBB-7A02-4E2C-AFDB-A717359EF4FC}.Release|ARM64.Build.0 = Release|Any CPU
		{E40BFCBB-7A02-4E2C-AFDB-A717359EF4FC}.Release|x64.ActiveCfg = Release|Any CPU
		{E40BFCBB-7A02-4E2C-AFDB-A717359EF4FC}.Release|x64.Build.0 = Release|Any CPU
		{E40BFCBB-7A02-4E2C-AFDB-A717359EF4FC}.Release|x86.ActiveCfg = Release|Any CPU
		{E40BFCBB-7A02-4E2C-AFDB-A717359EF4FC}.Release|x86.Build.0 = Release|Any CPU
	EndGlobalSection
	GlobalSection(SolutionProperties) = preSolution
		HideSolutionNode = FALSE
	EndGlobalSection
	GlobalSection(NestedProjects) = preSolution
		{5F5EF76B-D755-4C12-ADAE-11F08CE3D936} = {E05D1183-D360-4AFE-8968-314A34FAD3B2}
		{B70A6F17-08C8-4194-BBE8-668CA920CFF3} = {E05D1183-D360-4AFE-8968-314A34FAD3B2}
		{72180B0C-3D20-4AAD-B015-A9337B91406E} = {E05D1183-D360-4AFE-8968-314A34FAD3B2}
		{1977360F-2E42-45E6-9369-AB1EE59CC5C5} = {E05D1183-D360-4AFE-8968-314A34FAD3B2}
		{25C6CE64-2D61-4832-B6D2-45AFC52E2447} = {E05D1183-D360-4AFE-8968-314A34FAD3B2}
		{8156B6D8-BD7E-4201-BD8B-8C9B00177F88} = {E05D1183-D360-4AFE-8968-314A34FAD3B2}
		{990F5AFF-ABF6-4019-865D-604D2B23DE2C} = {E05D1183-D360-4AFE-8968-314A34FAD3B2}
		{380E9F5A-23DE-4F5A-9644-EFA51AD1D8E8} = {7940E867-EEBA-4AFD-9904-1536F003239C}
		{5A48C2FD-16E4-4B44-BC2C-D793C50E66F2} = {8CF74C87-534F-4017-A4ED-F2918025E31A}
		{9AD1DEC9-1561-4753-AB4B-E81FBDBA5C9E} = {7648DA91-6239-4877-86C6-2E5A79755F1E}
		{E40BFCBB-7A02-4E2C-AFDB-A717359EF4FC} = {7648DA91-6239-4877-86C6-2E5A79755F1E}
	EndGlobalSection
	GlobalSection(ExtensibilityGlobals) = postSolution
		SolutionGuid = {D044BB14-0B37-47E5-A579-8B30FCBA1F9F}
	EndGlobalSection
EndGlobal
