
Microsoft Visual Studio Solution File, Format Version 12.00
# Visual Studio Version 17
VisualStudioVersion = 17.9.34407.89
MinimumVisualStudioVersion = 10.0.40219.1
Project("{9A19103F-16F7-4668-BE54-9A1E7A4F7556}") = "UniGetUI", "UniGetUI\UniGetUI.csproj", "{80305A17-2534-48DC-8F75-41F70FCCEAAF}"
EndProject
Project("{9A19103F-16F7-4668-BE54-9A1E7A4F7556}") = "ExternalLibraries.WindowsPackageManager.Interop", "WindowsPackageManager.Interop\ExternalLibraries.WindowsPackageManager.Interop.csproj", "{52AC982E-7382-4746-BB66-4003698FCC02}"
EndProject
Project("{2150E333-8FDC-42A3-9474-1A3956D46DE8}") = "UniGetUI.Core", "UniGetUI.Core", "{E05D1183-D360-4AFE-8968-314A34FAD3B2}"
EndProject
Project("{9A19103F-16F7-4668-BE54-9A1E7A4F7556}") = "UniGetUI.Core.Data", "UniGetUI.Core.Data\UniGetUI.Core.Data.csproj", "{5F5EF76B-D755-4C12-ADAE-11F08CE3D936}"
EndProject
Project("{9A19103F-16F7-4668-BE54-9A1E7A4F7556}") = "UniGetUI.Core.LanguageEngine", "UniGetUI.Core.LanguageEngine\UniGetUI.Core.LanguageEngine.csproj", "{B70A6F17-08C8-4194-BBE8-668CA920CFF3}"
EndProject
Project("{9A19103F-16F7-4668-BE54-9A1E7A4F7556}") = "UniGetUI.Core.Logging", "UniGetUI.Core.Logger\UniGetUI.Core.Logging.csproj", "{72180B0C-3D20-4AAD-B015-A9337B91406E}"
EndProject
Project("{9A19103F-16F7-4668-BE54-9A1E7A4F7556}") = "UniGetUI.Core.Settings", "UniGetUI.Core.Settings\UniGetUI.Core.Settings.csproj", "{1977360F-2E42-45E6-9369-AB1EE59CC5C5}"
EndProject
Project("{9A19103F-16F7-4668-BE54-9A1E7A4F7556}") = "UniGetUI.Core.Tools", "UniGetUI.Core.Tools\UniGetUI.Core.Tools.csproj", "{25C6CE64-2D61-4832-B6D2-45AFC52E2447}"
EndProject
Project("{9A19103F-16F7-4668-BE54-9A1E7A4F7556}") = "UniGetUI.Core.Classes", "UniGetUI.Core.Classes\UniGetUI.Core.Classes.csproj", "{8156B6D8-BD7E-4201-BD8B-8C9B00177F88}"
EndProject
Project("{9A19103F-16F7-4668-BE54-9A1E7A4F7556}") = "UniGetUI.Core.IconEngine", "UniGetUI.Core.IconStore\UniGetUI.Core.IconEngine.csproj", "{990F5AFF-ABF6-4019-865D-604D2B23DE2C}"
EndProject
Project("{9A19103F-16F7-4668-BE54-9A1E7A4F7556}") = "UniGetUI.PackageEngine.Structs", "UniGetUI.PackageEngine.Enums\UniGetUI.PackageEngine.Structs.csproj", "{380E9F5A-23DE-4F5A-9644-EFA51AD1D8E8}"
EndProject
Project("{9A19103F-16F7-4668-BE54-9A1E7A4F7556}") = "UniGetUI.Interface.Enums", "UniGetUI.Interface.Enums\UniGetUI.Interface.Enums.csproj", "{5A48C2FD-16E4-4B44-BC2C-D793C50E66F2}"
EndProject
Project("{2150E333-8FDC-42A3-9474-1A3956D46DE8}") = "UniGetUI.PackageEngine", "UniGetUI.PackageEngine", "{7940E867-EEBA-4AFD-9904-1536F003239C}"
EndProject
Project("{2150E333-8FDC-42A3-9474-1A3956D46DE8}") = "UniGetUI.Interface", "UniGetUI.Interface", "{8CF74C87-534F-4017-A4ED-F2918025E31A}"
EndProject
Project("{2150E333-8FDC-42A3-9474-1A3956D46DE8}") = "ExternalLibraries", "ExternalLibraries", "{7648DA91-6239-4877-86C6-2E5A79755F1E}"
EndProject
Project("{9A19103F-16F7-4668-BE54-9A1E7A4F7556}") = "ExternalLibraries.Clipboard", "ExternalLibraries.Clipboard\ExternalLibraries.Clipboard.csproj", "{9AD1DEC9-1561-4753-AB4B-E81FBDBA5C9E}"
EndProject
Project("{9A19103F-16F7-4668-BE54-9A1E7A4F7556}") = "ExternalLibraries.FilePickers", "ExternalLibraries.FilePickers\ExternalLibraries.FilePickers.csproj", "{E40BFCBB-7A02-4E2C-AFDB-A717359EF4FC}"
EndProject
Project("{2150E333-8FDC-42A3-9474-1A3956D46DE8}") = "Tests", "Tests", "{5B9575EA-B4F9-46E4-A75E-59D430779EC7}"
EndProject
Project("{9A19103F-16F7-4668-BE54-9A1E7A4F7556}") = "UniGetUI.Core.Data.Tests", "UniGetUI.Core.Data.Tests\UniGetUI.Core.Data.Tests.csproj", "{562B4814-2A78-4692-90BE-A727AABCEC85}"
EndProject
Project("{9A19103F-16F7-4668-BE54-9A1E7A4F7556}") = "UniGetUI.Core.Classes.Tests", "UniGetUI.Core.Classes.Tests\UniGetUI.Core.Classes.Tests.csproj", "{1A51EA31-6D78-4E98-B767-41A02C6E34D8}"
EndProject
Project("{9A19103F-16F7-4668-BE54-9A1E7A4F7556}") = "UniGetUI.Core.IconEngine.Tests", "UniGetUI.Core.IconEngine.Tests\UniGetUI.Core.IconEngine.Tests.csproj", "{230BF08C-C039-473B-933F-3BF647440E0E}"
EndProject
Project("{9A19103F-16F7-4668-BE54-9A1E7A4F7556}") = "UniGetUI.Core.LanguageEngine.Tests", "UniGetUI.Core.Language.Tests\UniGetUI.Core.LanguageEngine.Tests.csproj", "{C55F4BA7-BBDD-42A4-88C1-FD3C411EB234}"
EndProject
Project("{9A19103F-16F7-4668-BE54-9A1E7A4F7556}") = "UniGetUI.Core.Logging.Tests", "UniGetUI.Core.Logging.Tests\UniGetUI.Core.Logging.Tests.csproj", "{2979E556-5859-4E88-A1D4-EAB72F82294E}"
EndProject
Project("{9A19103F-16F7-4668-BE54-9A1E7A4F7556}") = "UniGetUI.PackageEngine.Classes", "UniGetUI.PackageEngine.PackageManagerClasses\UniGetUI.PackageEngine.Classes.csproj", "{7E098666-DE8C-4ABF-B709-4CE7B1A491B0}"
EndProject
Project("{2150E333-8FDC-42A3-9474-1A3956D46DE8}") = "Managers", "Managers", "{95168D0B-1B2C-4295-B6D4-D5BAF781B9FA}"
EndProject
Project("{9A19103F-16F7-4668-BE54-9A1E7A4F7556}") = "UniGetUI.PackageEngine.Managers.WinGet", "UniGetUI.PackageEngine.Managers.WinGet\UniGetUI.PackageEngine.Managers.WinGet.csproj", "{D47CC16E-466B-4D58-A8FC-ECAE5C9606FC}"
EndProject
Project("{9A19103F-16F7-4668-BE54-9A1E7A4F7556}") = "UniGetUI.PackageEngine.Managers.Scoop", "UniGetUI.PackageEngine.Managers.Scoop\UniGetUI.PackageEngine.Managers.Scoop.csproj", "{1143176D-B7F0-477C-90BB-72289068D927}"
EndProject
Project("{9A19103F-16F7-4668-BE54-9A1E7A4F7556}") = "UniGetUI.PackageEngine.Managers.PowerShell", "UniGetUI.PackageEngine.Managers.PowerShell\UniGetUI.PackageEngine.Managers.PowerShell.csproj", "{E454D3A5-C5C6-4291-BE96-220CF0D5CFFD}"
EndProject
Project("{9A19103F-16F7-4668-BE54-9A1E7A4F7556}") = "UniGetUI.PackageEngine.Managers.Chocolatey", "UniGetUI.PackageEngine.Managers.Chocolatey\UniGetUI.PackageEngine.Managers.Chocolatey.csproj", "{57D094C1-6913-46BF-A657-84A5F46D4EE7}"
EndProject
Project("{9A19103F-16F7-4668-BE54-9A1E7A4F7556}") = "UniGetUI.PackageEngine.Managers.Dotnet", "UniGetUI.PackageEngine.Managers.Dotnet\UniGetUI.PackageEngine.Managers.Dotnet.csproj", "{740E2894-903D-4B94-9C32-B630593BEB16}"
EndProject
Project("{9A19103F-16F7-4668-BE54-9A1E7A4F7556}") = "UniGetUI.PackageEngine.Managers.Pip", "UniGetUI.PackageEngine.Managers.Pip\UniGetUI.PackageEngine.Managers.Pip.csproj", "{D401F706-A182-46E3-A25C-B0BF5AA0D07E}"
EndProject
Project("{9A19103F-16F7-4668-BE54-9A1E7A4F7556}") = "UniGetUI.PackageEngine.Managers.Npm", "UniGetUI.PackageEngine.Managers.Npm\UniGetUI.PackageEngine.Managers.Npm.csproj", "{0FFA3F96-A68A-453F-A5FE-0C281EC371C7}"
EndProject
Project("{2150E333-8FDC-42A3-9474-1A3956D46DE8}") = "Generic", "Generic", "{9BF1CD59-1A2C-4023-9C8D-171DCB728078}"
EndProject
Project("{9A19103F-16F7-4668-BE54-9A1E7A4F7556}") = "UniGetUI.PackageEngine.Managers.Generic.NuGet", "UniGetUI.PackageEngine.Managers.Generic.NuGet\UniGetUI.PackageEngine.Managers.Generic.NuGet.csproj", "{5FA79592-DE5B-46FF-9E05-34A2E72A7AF7}"
EndProject
Project("{9A19103F-16F7-4668-BE54-9A1E7A4F7556}") = "UniGetUI.Core.Settings.Tests", "UniGetUI.Core.Settings.Tests\UniGetUI.Core.Settings.Tests.csproj", "{09FD3D3A-1EFC-4AEE-B3D7-096D238E0D1A}"
EndProject
Project("{9A19103F-16F7-4668-BE54-9A1E7A4F7556}") = "UniGetUI.Core.Tools.Tests", "UniGetUI.Core.Tools.Tests\UniGetUI.Core.Tools.Tests.csproj", "{BDB7A8F3-87A6-4B77-9E0F-6BC785CBCF2B}"
EndProject
Project("{9A19103F-16F7-4668-BE54-9A1E7A4F7556}") = "UniGetUI.PackageEngine.PackageLoaders", "UniGetUI.PackageEngine.PackageLoader\UniGetUI.PackageEngine.PackageLoaders.csproj", "{27E0B288-7DFF-468D-9360-035E8CE123CB}"
EndProject
Project("{9A19103F-16F7-4668-BE54-9A1E7A4F7556}") = "UniGetUI.PackageEngine.PEInterface", "UniGetUI.PackageEngine.PackageEngine\UniGetUI.PackageEngine.PEInterface.csproj", "{20F43119-EA00-440D-B3B5-44F96592F4C8}"
EndProject
Project("{9A19103F-16F7-4668-BE54-9A1E7A4F7556}") = "UniGetUI.Interface.BackgroundApi", "UniGetUI.Interface.BackgroundApi\UniGetUI.Interface.BackgroundApi.csproj", "{CC400751-216E-4BB2-8103-495B4E273477}"
EndProject
Project("{2150E333-8FDC-42A3-9474-1A3956D46DE8}") = "Solution Items", "Solution Items", "{E5F60EF3-4347-4294-9CD9-B756027B6321}"
	ProjectSection(SolutionItems) = preProject
		Directory.Build.props = Directory.Build.props
		SharedAssemblyInfo.cs = SharedAssemblyInfo.cs
	EndProjectSection
EndProject
Project("{9A19103F-16F7-4668-BE54-9A1E7A4F7556}") = "UniGetUI.PackageEngine.Managers.PowerShell7", "UniGetUI.PackageEngine.Managers.PowerShell7\UniGetUI.PackageEngine.Managers.PowerShell7.csproj", "{F4E7301D-9C8A-4A4A-92D2-35B896642BF6}"
EndProject
Project("{9A19103F-16F7-4668-BE54-9A1E7A4F7556}") = "UniGetUI.PackageEngine.Serializable", "UniGetUI.PackageEngine.Serializable\UniGetUI.PackageEngine.Serializable.csproj", "{29450002-5F93-4886-922E-30350C9C3442}"
EndProject
Project("{9A19103F-16F7-4668-BE54-9A1E7A4F7556}") = "UniGetUI.PackageEngine.Interfaces", "UniGetUI.PAckageEngine.Interfaces\UniGetUI.PackageEngine.Interfaces.csproj", "{C396E5F6-C6D9-465D-9903-7E33D0841E6A}"
EndProject
Project("{FAE04EC0-301F-11D3-BF4B-00C04F79EFBC}") = "UniGetUI.PackageEngine.Managers.Cargo", "UniGetUI.PackageEngine.Managers.Cargo\UniGetUI.PackageEngine.Managers.Cargo.csproj", "{54DA0549-366F-4E70-B5D1-0B8891D0A2A5}"
EndProject
Project("{FAE04EC0-301F-11D3-BF4B-00C04F79EFBC}") = "UniGetUI.PackageEngine.Managers.Vcpkg", "UniGetUI.PackageEngine.Managers.Vcpkg\UniGetUI.PackageEngine.Managers.Vcpkg.csproj", "{E337A71E-3C30-4315-B8F1-57CBC5CF50A6}"
EndProject
Project("{FAE04EC0-301F-11D3-BF4B-00C04F79EFBC}") = "UniGetUI.PackageEngine.Operations", "UniGetUI.PackageEngine.Operations\UniGetUI.PackageEngine.Operations.csproj", "{727866B8-BBD5-43B9-933A-78199F65429C}"
EndProject
Project("{FAE04EC0-301F-11D3-BF4B-00C04F79EFBC}") = "UniGetUI.Interface.Telemetry", "UniGetUI.Interface.Telemetry\UniGetUI.Interface.Telemetry.csproj", "{3C8BF564-B4B5-44A7-9D8C-102C2F820EAF}"
EndProject
Project("{2150E333-8FDC-42A3-9474-1A3956D46DE8}") = "Tests", "Tests", "{015B44EE-32AE-4105-9016-49140743CAF9}"
EndProject
Project("{FAE04EC0-301F-11D3-BF4B-00C04F79EFBC}") = "UniGetUI.PackageEngine.Serializable.Tests", "UniGetUI.PackageEngine.Serializable.Tests\UniGetUI.PackageEngine.Serializable.Tests.csproj", "{F1610A61-5444-4C11-9447-13CCA327887E}"
EndProject
Project("{FAE04EC0-301F-11D3-BF4B-00C04F79EFBC}") = "UniGetUI.Core.SecureSettings", "UniGetUI.Core.SecureSettings\UniGetUI.Core.SecureSettings.csproj", "{B0E59327-933E-4DB0-BD2D-FB16EB9B4194}"
EndProject
Global
	GlobalSection(SolutionConfigurationPlatforms) = preSolution
		Debug|x64 = Debug|x64
		Release|x64 = Release|x64
	EndGlobalSection
	GlobalSection(ProjectConfigurationPlatforms) = postSolution
		{80305A17-2534-48DC-8F75-41F70FCCEAAF}.Debug|x64.ActiveCfg = Debug|x64
		{80305A17-2534-48DC-8F75-41F70FCCEAAF}.Debug|x64.Build.0 = Debug|x64
		{80305A17-2534-48DC-8F75-41F70FCCEAAF}.Release|x64.ActiveCfg = Release|x64
		{80305A17-2534-48DC-8F75-41F70FCCEAAF}.Release|x64.Build.0 = Release|x64
		{52AC982E-7382-4746-BB66-4003698FCC02}.Debug|x64.ActiveCfg = Debug|x64
		{52AC982E-7382-4746-BB66-4003698FCC02}.Debug|x64.Build.0 = Debug|x64
		{52AC982E-7382-4746-BB66-4003698FCC02}.Release|x64.ActiveCfg = Release|x64
		{52AC982E-7382-4746-BB66-4003698FCC02}.Release|x64.Build.0 = Release|x64
		{5F5EF76B-D755-4C12-ADAE-11F08CE3D936}.Debug|x64.ActiveCfg = Debug|x64
		{5F5EF76B-D755-4C12-ADAE-11F08CE3D936}.Debug|x64.Build.0 = Debug|x64
		{5F5EF76B-D755-4C12-ADAE-11F08CE3D936}.Release|x64.ActiveCfg = Release|x64
		{5F5EF76B-D755-4C12-ADAE-11F08CE3D936}.Release|x64.Build.0 = Release|x64
		{B70A6F17-08C8-4194-BBE8-668CA920CFF3}.Debug|x64.ActiveCfg = Debug|x64
		{B70A6F17-08C8-4194-BBE8-668CA920CFF3}.Debug|x64.Build.0 = Debug|x64
		{B70A6F17-08C8-4194-BBE8-668CA920CFF3}.Release|x64.ActiveCfg = Release|x64
		{B70A6F17-08C8-4194-BBE8-668CA920CFF3}.Release|x64.Build.0 = Release|x64
		{72180B0C-3D20-4AAD-B015-A9337B91406E}.Debug|x64.ActiveCfg = Debug|x64
		{72180B0C-3D20-4AAD-B015-A9337B91406E}.Debug|x64.Build.0 = Debug|x64
		{72180B0C-3D20-4AAD-B015-A9337B91406E}.Release|x64.ActiveCfg = Release|x64
		{72180B0C-3D20-4AAD-B015-A9337B91406E}.Release|x64.Build.0 = Release|x64
		{1977360F-2E42-45E6-9369-AB1EE59CC5C5}.Debug|x64.ActiveCfg = Debug|x64
		{1977360F-2E42-45E6-9369-AB1EE59CC5C5}.Debug|x64.Build.0 = Debug|x64
		{1977360F-2E42-45E6-9369-AB1EE59CC5C5}.Release|x64.ActiveCfg = Release|x64
		{1977360F-2E42-45E6-9369-AB1EE59CC5C5}.Release|x64.Build.0 = Release|x64
		{25C6CE64-2D61-4832-B6D2-45AFC52E2447}.Debug|x64.ActiveCfg = Debug|x64
		{25C6CE64-2D61-4832-B6D2-45AFC52E2447}.Debug|x64.Build.0 = Debug|x64
		{25C6CE64-2D61-4832-B6D2-45AFC52E2447}.Release|x64.ActiveCfg = Release|x64
		{25C6CE64-2D61-4832-B6D2-45AFC52E2447}.Release|x64.Build.0 = Release|x64
		{8156B6D8-BD7E-4201-BD8B-8C9B00177F88}.Debug|x64.ActiveCfg = Debug|x64
		{8156B6D8-BD7E-4201-BD8B-8C9B00177F88}.Debug|x64.Build.0 = Debug|x64
		{8156B6D8-BD7E-4201-BD8B-8C9B00177F88}.Release|x64.ActiveCfg = Release|x64
		{8156B6D8-BD7E-4201-BD8B-8C9B00177F88}.Release|x64.Build.0 = Release|x64
		{990F5AFF-ABF6-4019-865D-604D2B23DE2C}.Debug|x64.ActiveCfg = Debug|x64
		{990F5AFF-ABF6-4019-865D-604D2B23DE2C}.Debug|x64.Build.0 = Debug|x64
		{990F5AFF-ABF6-4019-865D-604D2B23DE2C}.Release|x64.ActiveCfg = Release|x64
		{990F5AFF-ABF6-4019-865D-604D2B23DE2C}.Release|x64.Build.0 = Release|x64
		{380E9F5A-23DE-4F5A-9644-EFA51AD1D8E8}.Debug|x64.ActiveCfg = Debug|x64
		{380E9F5A-23DE-4F5A-9644-EFA51AD1D8E8}.Debug|x64.Build.0 = Debug|x64
		{380E9F5A-23DE-4F5A-9644-EFA51AD1D8E8}.Release|x64.ActiveCfg = Release|x64
		{380E9F5A-23DE-4F5A-9644-EFA51AD1D8E8}.Release|x64.Build.0 = Release|x64
		{5A48C2FD-16E4-4B44-BC2C-D793C50E66F2}.Debug|x64.ActiveCfg = Debug|x64
		{5A48C2FD-16E4-4B44-BC2C-D793C50E66F2}.Debug|x64.Build.0 = Debug|x64
		{5A48C2FD-16E4-4B44-BC2C-D793C50E66F2}.Release|x64.ActiveCfg = Release|x64
		{5A48C2FD-16E4-4B44-BC2C-D793C50E66F2}.Release|x64.Build.0 = Release|x64
		{9AD1DEC9-1561-4753-AB4B-E81FBDBA5C9E}.Debug|x64.ActiveCfg = Debug|x64
		{9AD1DEC9-1561-4753-AB4B-E81FBDBA5C9E}.Debug|x64.Build.0 = Debug|x64
		{9AD1DEC9-1561-4753-AB4B-E81FBDBA5C9E}.Release|x64.ActiveCfg = Release|x64
		{9AD1DEC9-1561-4753-AB4B-E81FBDBA5C9E}.Release|x64.Build.0 = Release|x64
		{E40BFCBB-7A02-4E2C-AFDB-A717359EF4FC}.Debug|x64.ActiveCfg = Debug|x64
		{E40BFCBB-7A02-4E2C-AFDB-A717359EF4FC}.Debug|x64.Build.0 = Debug|x64
		{E40BFCBB-7A02-4E2C-AFDB-A717359EF4FC}.Release|x64.ActiveCfg = Release|x64
		{E40BFCBB-7A02-4E2C-AFDB-A717359EF4FC}.Release|x64.Build.0 = Release|x64
		{562B4814-2A78-4692-90BE-A727AABCEC85}.Debug|x64.ActiveCfg = Debug|x64
		{562B4814-2A78-4692-90BE-A727AABCEC85}.Debug|x64.Build.0 = Debug|x64
		{562B4814-2A78-4692-90BE-A727AABCEC85}.Release|x64.ActiveCfg = Release|x64
		{562B4814-2A78-4692-90BE-A727AABCEC85}.Release|x64.Build.0 = Release|x64
		{1A51EA31-6D78-4E98-B767-41A02C6E34D8}.Debug|x64.ActiveCfg = Debug|x64
		{1A51EA31-6D78-4E98-B767-41A02C6E34D8}.Debug|x64.Build.0 = Debug|x64
		{1A51EA31-6D78-4E98-B767-41A02C6E34D8}.Release|x64.ActiveCfg = Release|x64
		{1A51EA31-6D78-4E98-B767-41A02C6E34D8}.Release|x64.Build.0 = Release|x64
		{230BF08C-C039-473B-933F-3BF647440E0E}.Debug|x64.ActiveCfg = Debug|x64
		{230BF08C-C039-473B-933F-3BF647440E0E}.Debug|x64.Build.0 = Debug|x64
		{230BF08C-C039-473B-933F-3BF647440E0E}.Release|x64.ActiveCfg = Release|x64
		{230BF08C-C039-473B-933F-3BF647440E0E}.Release|x64.Build.0 = Release|x64
		{C55F4BA7-BBDD-42A4-88C1-FD3C411EB234}.Debug|x64.ActiveCfg = Debug|x64
		{C55F4BA7-BBDD-42A4-88C1-FD3C411EB234}.Debug|x64.Build.0 = Debug|x64
		{C55F4BA7-BBDD-42A4-88C1-FD3C411EB234}.Release|x64.ActiveCfg = Release|x64
		{C55F4BA7-BBDD-42A4-88C1-FD3C411EB234}.Release|x64.Build.0 = Release|x64
		{2979E556-5859-4E88-A1D4-EAB72F82294E}.Debug|x64.ActiveCfg = Debug|x64
		{2979E556-5859-4E88-A1D4-EAB72F82294E}.Debug|x64.Build.0 = Debug|x64
		{2979E556-5859-4E88-A1D4-EAB72F82294E}.Release|x64.ActiveCfg = Release|x64
		{2979E556-5859-4E88-A1D4-EAB72F82294E}.Release|x64.Build.0 = Release|x64
		{7E098666-DE8C-4ABF-B709-4CE7B1A491B0}.Debug|x64.ActiveCfg = Debug|x64
		{7E098666-DE8C-4ABF-B709-4CE7B1A491B0}.Debug|x64.Build.0 = Debug|x64
		{7E098666-DE8C-4ABF-B709-4CE7B1A491B0}.Release|x64.ActiveCfg = Release|x64
		{7E098666-DE8C-4ABF-B709-4CE7B1A491B0}.Release|x64.Build.0 = Release|x64
		{D47CC16E-466B-4D58-A8FC-ECAE5C9606FC}.Debug|x64.ActiveCfg = Debug|x64
		{D47CC16E-466B-4D58-A8FC-ECAE5C9606FC}.Debug|x64.Build.0 = Debug|x64
		{D47CC16E-466B-4D58-A8FC-ECAE5C9606FC}.Release|x64.ActiveCfg = Release|x64
		{D47CC16E-466B-4D58-A8FC-ECAE5C9606FC}.Release|x64.Build.0 = Release|x64
		{1143176D-B7F0-477C-90BB-72289068D927}.Debug|x64.ActiveCfg = Debug|x64
		{1143176D-B7F0-477C-90BB-72289068D927}.Debug|x64.Build.0 = Debug|x64
		{1143176D-B7F0-477C-90BB-72289068D927}.Release|x64.ActiveCfg = Release|x64
		{1143176D-B7F0-477C-90BB-72289068D927}.Release|x64.Build.0 = Release|x64
		{E454D3A5-C5C6-4291-BE96-220CF0D5CFFD}.Debug|x64.ActiveCfg = Debug|x64
		{E454D3A5-C5C6-4291-BE96-220CF0D5CFFD}.Debug|x64.Build.0 = Debug|x64
		{E454D3A5-C5C6-4291-BE96-220CF0D5CFFD}.Release|x64.ActiveCfg = Release|x64
		{E454D3A5-C5C6-4291-BE96-220CF0D5CFFD}.Release|x64.Build.0 = Release|x64
		{57D094C1-6913-46BF-A657-84A5F46D4EE7}.Debug|x64.ActiveCfg = Debug|x64
		{57D094C1-6913-46BF-A657-84A5F46D4EE7}.Debug|x64.Build.0 = Debug|x64
		{57D094C1-6913-46BF-A657-84A5F46D4EE7}.Release|x64.ActiveCfg = Release|x64
		{57D094C1-6913-46BF-A657-84A5F46D4EE7}.Release|x64.Build.0 = Release|x64
		{740E2894-903D-4B94-9C32-B630593BEB16}.Debug|x64.ActiveCfg = Debug|x64
		{740E2894-903D-4B94-9C32-B630593BEB16}.Debug|x64.Build.0 = Debug|x64
		{740E2894-903D-4B94-9C32-B630593BEB16}.Release|x64.ActiveCfg = Release|x64
		{740E2894-903D-4B94-9C32-B630593BEB16}.Release|x64.Build.0 = Release|x64
		{D401F706-A182-46E3-A25C-B0BF5AA0D07E}.Debug|x64.ActiveCfg = Debug|x64
		{D401F706-A182-46E3-A25C-B0BF5AA0D07E}.Debug|x64.Build.0 = Debug|x64
		{D401F706-A182-46E3-A25C-B0BF5AA0D07E}.Release|x64.ActiveCfg = Release|x64
		{D401F706-A182-46E3-A25C-B0BF5AA0D07E}.Release|x64.Build.0 = Release|x64
		{0FFA3F96-A68A-453F-A5FE-0C281EC371C7}.Debug|x64.ActiveCfg = Debug|x64
		{0FFA3F96-A68A-453F-A5FE-0C281EC371C7}.Debug|x64.Build.0 = Debug|x64
		{0FFA3F96-A68A-453F-A5FE-0C281EC371C7}.Release|x64.ActiveCfg = Release|x64
		{0FFA3F96-A68A-453F-A5FE-0C281EC371C7}.Release|x64.Build.0 = Release|x64
		{5FA79592-DE5B-46FF-9E05-34A2E72A7AF7}.Debug|x64.ActiveCfg = Debug|x64
		{5FA79592-DE5B-46FF-9E05-34A2E72A7AF7}.Debug|x64.Build.0 = Debug|x64
		{5FA79592-DE5B-46FF-9E05-34A2E72A7AF7}.Release|x64.ActiveCfg = Release|x64
		{5FA79592-DE5B-46FF-9E05-34A2E72A7AF7}.Release|x64.Build.0 = Release|x64
		{09FD3D3A-1EFC-4AEE-B3D7-096D238E0D1A}.Debug|x64.ActiveCfg = Debug|x64
		{09FD3D3A-1EFC-4AEE-B3D7-096D238E0D1A}.Debug|x64.Build.0 = Debug|x64
		{09FD3D3A-1EFC-4AEE-B3D7-096D238E0D1A}.Release|x64.ActiveCfg = Release|x64
		{09FD3D3A-1EFC-4AEE-B3D7-096D238E0D1A}.Release|x64.Build.0 = Release|x64
		{BDB7A8F3-87A6-4B77-9E0F-6BC785CBCF2B}.Debug|x64.ActiveCfg = Debug|x64
		{BDB7A8F3-87A6-4B77-9E0F-6BC785CBCF2B}.Debug|x64.Build.0 = Debug|x64
		{BDB7A8F3-87A6-4B77-9E0F-6BC785CBCF2B}.Release|x64.ActiveCfg = Release|x64
		{BDB7A8F3-87A6-4B77-9E0F-6BC785CBCF2B}.Release|x64.Build.0 = Release|x64
		{27E0B288-7DFF-468D-9360-035E8CE123CB}.Debug|x64.ActiveCfg = Debug|x64
		{27E0B288-7DFF-468D-9360-035E8CE123CB}.Debug|x64.Build.0 = Debug|x64
		{27E0B288-7DFF-468D-9360-035E8CE123CB}.Release|x64.ActiveCfg = Release|x64
		{27E0B288-7DFF-468D-9360-035E8CE123CB}.Release|x64.Build.0 = Release|x64
		{20F43119-EA00-440D-B3B5-44F96592F4C8}.Debug|x64.ActiveCfg = Debug|x64
		{20F43119-EA00-440D-B3B5-44F96592F4C8}.Debug|x64.Build.0 = Debug|x64
		{20F43119-EA00-440D-B3B5-44F96592F4C8}.Release|x64.ActiveCfg = Release|x64
		{20F43119-EA00-440D-B3B5-44F96592F4C8}.Release|x64.Build.0 = Release|x64
		{CC400751-216E-4BB2-8103-495B4E273477}.Debug|x64.ActiveCfg = Debug|x64
		{CC400751-216E-4BB2-8103-495B4E273477}.Debug|x64.Build.0 = Debug|x64
		{CC400751-216E-4BB2-8103-495B4E273477}.Release|x64.ActiveCfg = Release|x64
		{CC400751-216E-4BB2-8103-495B4E273477}.Release|x64.Build.0 = Release|x64
		{F4E7301D-9C8A-4A4A-92D2-35B896642BF6}.Debug|x64.ActiveCfg = Debug|x64
		{F4E7301D-9C8A-4A4A-92D2-35B896642BF6}.Debug|x64.Build.0 = Debug|x64
		{F4E7301D-9C8A-4A4A-92D2-35B896642BF6}.Release|x64.ActiveCfg = Release|x64
		{F4E7301D-9C8A-4A4A-92D2-35B896642BF6}.Release|x64.Build.0 = Release|x64
		{29450002-5F93-4886-922E-30350C9C3442}.Debug|x64.ActiveCfg = Debug|x64
		{29450002-5F93-4886-922E-30350C9C3442}.Debug|x64.Build.0 = Debug|x64
		{29450002-5F93-4886-922E-30350C9C3442}.Release|x64.ActiveCfg = Release|x64
		{29450002-5F93-4886-922E-30350C9C3442}.Release|x64.Build.0 = Release|x64
		{C396E5F6-C6D9-465D-9903-7E33D0841E6A}.Debug|x64.ActiveCfg = Debug|x64
		{C396E5F6-C6D9-465D-9903-7E33D0841E6A}.Debug|x64.Build.0 = Debug|x64
		{C396E5F6-C6D9-465D-9903-7E33D0841E6A}.Release|x64.ActiveCfg = Release|x64
		{C396E5F6-C6D9-465D-9903-7E33D0841E6A}.Release|x64.Build.0 = Release|x64
		{54DA0549-366F-4E70-B5D1-0B8891D0A2A5}.Debug|x64.ActiveCfg = Debug|x64
		{54DA0549-366F-4E70-B5D1-0B8891D0A2A5}.Debug|x64.Build.0 = Debug|x64
		{54DA0549-366F-4E70-B5D1-0B8891D0A2A5}.Release|x64.ActiveCfg = Release|x64
		{54DA0549-366F-4E70-B5D1-0B8891D0A2A5}.Release|x64.Build.0 = Release|x64
		{E337A71E-3C30-4315-B8F1-57CBC5CF50A6}.Debug|x64.ActiveCfg = Debug|x64
		{E337A71E-3C30-4315-B8F1-57CBC5CF50A6}.Debug|x64.Build.0 = Debug|x64
		{E337A71E-3C30-4315-B8F1-57CBC5CF50A6}.Release|x64.ActiveCfg = Release|x64
		{E337A71E-3C30-4315-B8F1-57CBC5CF50A6}.Release|x64.Build.0 = Release|x64
		{727866B8-BBD5-43B9-933A-78199F65429C}.Debug|x64.ActiveCfg = Debug|x64
		{727866B8-BBD5-43B9-933A-78199F65429C}.Debug|x64.Build.0 = Debug|x64
		{727866B8-BBD5-43B9-933A-78199F65429C}.Release|x64.ActiveCfg = Release|x64
		{727866B8-BBD5-43B9-933A-78199F65429C}.Release|x64.Build.0 = Release|x64
		{3C8BF564-B4B5-44A7-9D8C-102C2F820EAF}.Debug|x64.ActiveCfg = Debug|x64
		{3C8BF564-B4B5-44A7-9D8C-102C2F820EAF}.Debug|x64.Build.0 = Debug|x64
		{3C8BF564-B4B5-44A7-9D8C-102C2F820EAF}.Release|x64.ActiveCfg = Release|x64
		{3C8BF564-B4B5-44A7-9D8C-102C2F820EAF}.Release|x64.Build.0 = Release|x64
		{F1610A61-5444-4C11-9447-13CCA327887E}.Debug|x64.ActiveCfg = Debug|x64
		{F1610A61-5444-4C11-9447-13CCA327887E}.Debug|x64.Build.0 = Debug|x64
		{F1610A61-5444-4C11-9447-13CCA327887E}.Release|x64.ActiveCfg = Release|x64
		{F1610A61-5444-4C11-9447-13CCA327887E}.Release|x64.Build.0 = Release|x64
		{B0E59327-933E-4DB0-BD2D-FB16EB9B4194}.Debug|x64.ActiveCfg = Debug|x64
		{B0E59327-933E-4DB0-BD2D-FB16EB9B4194}.Debug|x64.Build.0 = Debug|x64
		{B0E59327-933E-4DB0-BD2D-FB16EB9B4194}.Release|x64.ActiveCfg = Release|x64
		{B0E59327-933E-4DB0-BD2D-FB16EB9B4194}.Release|x64.Build.0 = Release|x64
	EndGlobalSection
	GlobalSection(SolutionProperties) = preSolution
		HideSolutionNode = FALSE
	EndGlobalSection
	GlobalSection(NestedProjects) = preSolution
		{52AC982E-7382-4746-BB66-4003698FCC02} = {7648DA91-6239-4877-86C6-2E5A79755F1E}
		{5F5EF76B-D755-4C12-ADAE-11F08CE3D936} = {E05D1183-D360-4AFE-8968-314A34FAD3B2}
		{B70A6F17-08C8-4194-BBE8-668CA920CFF3} = {E05D1183-D360-4AFE-8968-314A34FAD3B2}
		{72180B0C-3D20-4AAD-B015-A9337B91406E} = {E05D1183-D360-4AFE-8968-314A34FAD3B2}
		{1977360F-2E42-45E6-9369-AB1EE59CC5C5} = {E05D1183-D360-4AFE-8968-314A34FAD3B2}
		{25C6CE64-2D61-4832-B6D2-45AFC52E2447} = {E05D1183-D360-4AFE-8968-314A34FAD3B2}
		{8156B6D8-BD7E-4201-BD8B-8C9B00177F88} = {E05D1183-D360-4AFE-8968-314A34FAD3B2}
		{990F5AFF-ABF6-4019-865D-604D2B23DE2C} = {E05D1183-D360-4AFE-8968-314A34FAD3B2}
		{380E9F5A-23DE-4F5A-9644-EFA51AD1D8E8} = {7940E867-EEBA-4AFD-9904-1536F003239C}
		{5A48C2FD-16E4-4B44-BC2C-D793C50E66F2} = {8CF74C87-534F-4017-A4ED-F2918025E31A}
		{9AD1DEC9-1561-4753-AB4B-E81FBDBA5C9E} = {7648DA91-6239-4877-86C6-2E5A79755F1E}
		{E40BFCBB-7A02-4E2C-AFDB-A717359EF4FC} = {7648DA91-6239-4877-86C6-2E5A79755F1E}
		{5B9575EA-B4F9-46E4-A75E-59D430779EC7} = {E05D1183-D360-4AFE-8968-314A34FAD3B2}
		{562B4814-2A78-4692-90BE-A727AABCEC85} = {5B9575EA-B4F9-46E4-A75E-59D430779EC7}
		{1A51EA31-6D78-4E98-B767-41A02C6E34D8} = {5B9575EA-B4F9-46E4-A75E-59D430779EC7}
		{230BF08C-C039-473B-933F-3BF647440E0E} = {5B9575EA-B4F9-46E4-A75E-59D430779EC7}
		{C55F4BA7-BBDD-42A4-88C1-FD3C411EB234} = {5B9575EA-B4F9-46E4-A75E-59D430779EC7}
		{2979E556-5859-4E88-A1D4-EAB72F82294E} = {5B9575EA-B4F9-46E4-A75E-59D430779EC7}
		{7E098666-DE8C-4ABF-B709-4CE7B1A491B0} = {7940E867-EEBA-4AFD-9904-1536F003239C}
		{95168D0B-1B2C-4295-B6D4-D5BAF781B9FA} = {7940E867-EEBA-4AFD-9904-1536F003239C}
		{D47CC16E-466B-4D58-A8FC-ECAE5C9606FC} = {95168D0B-1B2C-4295-B6D4-D5BAF781B9FA}
		{1143176D-B7F0-477C-90BB-72289068D927} = {95168D0B-1B2C-4295-B6D4-D5BAF781B9FA}
		{E454D3A5-C5C6-4291-BE96-220CF0D5CFFD} = {95168D0B-1B2C-4295-B6D4-D5BAF781B9FA}
		{57D094C1-6913-46BF-A657-84A5F46D4EE7} = {95168D0B-1B2C-4295-B6D4-D5BAF781B9FA}
		{740E2894-903D-4B94-9C32-B630593BEB16} = {95168D0B-1B2C-4295-B6D4-D5BAF781B9FA}
		{D401F706-A182-46E3-A25C-B0BF5AA0D07E} = {95168D0B-1B2C-4295-B6D4-D5BAF781B9FA}
		{0FFA3F96-A68A-453F-A5FE-0C281EC371C7} = {95168D0B-1B2C-4295-B6D4-D5BAF781B9FA}
		{9BF1CD59-1A2C-4023-9C8D-171DCB728078} = {95168D0B-1B2C-4295-B6D4-D5BAF781B9FA}
		{5FA79592-DE5B-46FF-9E05-34A2E72A7AF7} = {9BF1CD59-1A2C-4023-9C8D-171DCB728078}
		{09FD3D3A-1EFC-4AEE-B3D7-096D238E0D1A} = {5B9575EA-B4F9-46E4-A75E-59D430779EC7}
		{BDB7A8F3-87A6-4B77-9E0F-6BC785CBCF2B} = {5B9575EA-B4F9-46E4-A75E-59D430779EC7}
		{27E0B288-7DFF-468D-9360-035E8CE123CB} = {7940E867-EEBA-4AFD-9904-1536F003239C}
		{20F43119-EA00-440D-B3B5-44F96592F4C8} = {7940E867-EEBA-4AFD-9904-1536F003239C}
		{CC400751-216E-4BB2-8103-495B4E273477} = {8CF74C87-534F-4017-A4ED-F2918025E31A}
		{F4E7301D-9C8A-4A4A-92D2-35B896642BF6} = {95168D0B-1B2C-4295-B6D4-D5BAF781B9FA}
		{29450002-5F93-4886-922E-30350C9C3442} = {7940E867-EEBA-4AFD-9904-1536F003239C}
		{C396E5F6-C6D9-465D-9903-7E33D0841E6A} = {7940E867-EEBA-4AFD-9904-1536F003239C}
		{54DA0549-366F-4E70-B5D1-0B8891D0A2A5} = {95168D0B-1B2C-4295-B6D4-D5BAF781B9FA}
		{E337A71E-3C30-4315-B8F1-57CBC5CF50A6} = {95168D0B-1B2C-4295-B6D4-D5BAF781B9FA}
		{727866B8-BBD5-43B9-933A-78199F65429C} = {7940E867-EEBA-4AFD-9904-1536F003239C}
		{3C8BF564-B4B5-44A7-9D8C-102C2F820EAF} = {8CF74C87-534F-4017-A4ED-F2918025E31A}
		{015B44EE-32AE-4105-9016-49140743CAF9} = {7940E867-EEBA-4AFD-9904-1536F003239C}
		{F1610A61-5444-4C11-9447-13CCA327887E} = {015B44EE-32AE-4105-9016-49140743CAF9}
		{B0E59327-933E-4DB0-BD2D-FB16EB9B4194} = {E05D1183-D360-4AFE-8968-314A34FAD3B2}
	EndGlobalSection
	GlobalSection(ExtensibilityGlobals) = postSolution
		SolutionGuid = {D044BB14-0B37-47E5-A579-8B30FCBA1F9F}
	EndGlobalSection
EndGlobal
