
Microsoft Visual Studio Solution File, Format Version 12.00
# Visual Studio Version 17
VisualStudioVersion = 17.9.34407.89
MinimumVisualStudioVersion = 10.0.40219.1
Project("{9A19103F-16F7-4668-BE54-9A1E7A4F7556}") = "wingetui", "wingetui\wingetui.csproj", "{80305A17-2534-48DC-8F75-41F70FCCEAAF}"
EndProject
Project("{2150E333-8FDC-42A3-9474-1A3956D46DE8}") = "Solution Items", "Solution Items", "{91C79476-A7DF-4CC0-B610-FB095234847B}"
	ProjectSection(SolutionItems) = preProject
		.editorconfig = .editorconfig
	EndProjectSection
EndProject
Project("{9A19103F-16F7-4668-BE54-9A1E7A4F7556}") = "WindowsPackageManager Interop", "Y:\WingetUI-Store\src\WindowsPackageManager.Interop\WindowsPackageManager Interop.csproj", "{52AC982E-7382-4746-BB66-4003698FCC02}"
EndProject
Project("{8BC9CEB8-8B4A-11D0-8D11-00A0C91BC942}") = "WindowsPackageManager.DLL.Interop", "WindowsPackageManager.DLL.Interop\WindowsPackageManager.DLL.Interop.vcxproj", "{FA43A6C5-80DF-4A09-A8EE-2D664B24C944}"
EndProject
Global
	GlobalSection(SolutionConfigurationPlatforms) = preSolution
		Debug|Any CPU = Debug|Any CPU
		Debug|ARM64 = Debug|ARM64
		Debug|x64 = Debug|x64
		Debug|x86 = Debug|x86
		Release|Any CPU = Release|Any CPU
		Release|ARM64 = Release|ARM64
		Release|x64 = Release|x64
		Release|x86 = Release|x86
	EndGlobalSection
	GlobalSection(ProjectConfigurationPlatforms) = postSolution
		{80305A17-2534-48DC-8F75-41F70FCCEAAF}.Debug|Any CPU.ActiveCfg = Debug|x64
		{80305A17-2534-48DC-8F75-41F70FCCEAAF}.Debug|Any CPU.Build.0 = Debug|x64
		{80305A17-2534-48DC-8F75-41F70FCCEAAF}.Debug|ARM64.ActiveCfg = Debug|ARM64
		{80305A17-2534-48DC-8F75-41F70FCCEAAF}.Debug|ARM64.Build.0 = Debug|ARM64
		{80305A17-2534-48DC-8F75-41F70FCCEAAF}.Debug|ARM64.Deploy.0 = Debug|ARM64
		{80305A17-2534-48DC-8F75-41F70FCCEAAF}.Debug|x64.ActiveCfg = Debug|x64
		{80305A17-2534-48DC-8F75-41F70FCCEAAF}.Debug|x64.Build.0 = Debug|x64
		{80305A17-2534-48DC-8F75-41F70FCCEAAF}.Debug|x64.Deploy.0 = Debug|x64
		{80305A17-2534-48DC-8F75-41F70FCCEAAF}.Debug|x86.ActiveCfg = Debug|x86
		{80305A17-2534-48DC-8F75-41F70FCCEAAF}.Debug|x86.Build.0 = Debug|x86
		{80305A17-2534-48DC-8F75-41F70FCCEAAF}.Debug|x86.Deploy.0 = Debug|x86
		{80305A17-2534-48DC-8F75-41F70FCCEAAF}.Release|Any CPU.ActiveCfg = Release|x64
		{80305A17-2534-48DC-8F75-41F70FCCEAAF}.Release|Any CPU.Build.0 = Release|x64
		{80305A17-2534-48DC-8F75-41F70FCCEAAF}.Release|ARM64.ActiveCfg = Release|ARM64
		{80305A17-2534-48DC-8F75-41F70FCCEAAF}.Release|ARM64.Build.0 = Release|ARM64
		{80305A17-2534-48DC-8F75-41F70FCCEAAF}.Release|ARM64.Deploy.0 = Release|ARM64
		{80305A17-2534-48DC-8F75-41F70FCCEAAF}.Release|x64.ActiveCfg = Release|x64
		{80305A17-2534-48DC-8F75-41F70FCCEAAF}.Release|x64.Build.0 = Release|x64
		{80305A17-2534-48DC-8F75-41F70FCCEAAF}.Release|x64.Deploy.0 = Release|x64
		{80305A17-2534-48DC-8F75-41F70FCCEAAF}.Release|x86.ActiveCfg = Release|x86
		{80305A17-2534-48DC-8F75-41F70FCCEAAF}.Release|x86.Build.0 = Release|x86
		{80305A17-2534-48DC-8F75-41F70FCCEAAF}.Release|x86.Deploy.0 = Release|x86
		{52AC982E-7382-4746-BB66-4003698FCC02}.Debug|Any CPU.ActiveCfg = Debug|x64
		{52AC982E-7382-4746-BB66-4003698FCC02}.Debug|Any CPU.Build.0 = Debug|x64
		{52AC982E-7382-4746-BB66-4003698FCC02}.Debug|ARM64.ActiveCfg = Debug|arm64
		{52AC982E-7382-4746-BB66-4003698FCC02}.Debug|ARM64.Build.0 = Debug|arm64
		{52AC982E-7382-4746-BB66-4003698FCC02}.Debug|x64.ActiveCfg = Debug|x64
		{52AC982E-7382-4746-BB66-4003698FCC02}.Debug|x64.Build.0 = Debug|x64
		{52AC982E-7382-4746-BB66-4003698FCC02}.Debug|x86.ActiveCfg = Debug|x86
		{52AC982E-7382-4746-BB66-4003698FCC02}.Debug|x86.Build.0 = Debug|x86
		{52AC982E-7382-4746-BB66-4003698FCC02}.Release|Any CPU.ActiveCfg = Release|x64
		{52AC982E-7382-4746-BB66-4003698FCC02}.Release|Any CPU.Build.0 = Release|x64
		{52AC982E-7382-4746-BB66-4003698FCC02}.Release|ARM64.ActiveCfg = Release|arm64
		{52AC982E-7382-4746-BB66-4003698FCC02}.Release|ARM64.Build.0 = Release|arm64
		{52AC982E-7382-4746-BB66-4003698FCC02}.Release|x64.ActiveCfg = Release|x64
		{52AC982E-7382-4746-BB66-4003698FCC02}.Release|x64.Build.0 = Release|x64
		{52AC982E-7382-4746-BB66-4003698FCC02}.Release|x86.ActiveCfg = Release|x86
		{52AC982E-7382-4746-BB66-4003698FCC02}.Release|x86.Build.0 = Release|x86
		{FA43A6C5-80DF-4A09-A8EE-2D664B24C944}.Debug|Any CPU.ActiveCfg = Debug|x64
		{FA43A6C5-80DF-4A09-A8EE-2D664B24C944}.Debug|Any CPU.Build.0 = Debug|x64
		{FA43A6C5-80DF-4A09-A8EE-2D664B24C944}.Debug|ARM64.ActiveCfg = Debug|x64
		{FA43A6C5-80DF-4A09-A8EE-2D664B24C944}.Debug|ARM64.Build.0 = Debug|x64
		{FA43A6C5-80DF-4A09-A8EE-2D664B24C944}.Debug|x64.ActiveCfg = Release|x64
		{FA43A6C5-80DF-4A09-A8EE-2D664B24C944}.Debug|x64.Build.0 = Release|x64
		{FA43A6C5-80DF-4A09-A8EE-2D664B24C944}.Debug|x86.ActiveCfg = Debug|Win32
		{FA43A6C5-80DF-4A09-A8EE-2D664B24C944}.Debug|x86.Build.0 = Debug|Win32
		{FA43A6C5-80DF-4A09-A8EE-2D664B24C944}.Release|Any CPU.ActiveCfg = Release|x64
		{FA43A6C5-80DF-4A09-A8EE-2D664B24C944}.Release|Any CPU.Build.0 = Release|x64
		{FA43A6C5-80DF-4A09-A8EE-2D664B24C944}.Release|ARM64.ActiveCfg = Release|x64
		{FA43A6C5-80DF-4A09-A8EE-2D664B24C944}.Release|ARM64.Build.0 = Release|x64
		{FA43A6C5-80DF-4A09-A8EE-2D664B24C944}.Release|x64.ActiveCfg = Release|x64
		{FA43A6C5-80DF-4A09-A8EE-2D664B24C944}.Release|x64.Build.0 = Release|x64
		{FA43A6C5-80DF-4A09-A8EE-2D664B24C944}.Release|x86.ActiveCfg = Release|Win32
		{FA43A6C5-80DF-4A09-A8EE-2D664B24C944}.Release|x86.Build.0 = Release|Win32
	EndGlobalSection
	GlobalSection(SolutionProperties) = preSolution
		HideSolutionNode = FALSE
	EndGlobalSection
	GlobalSection(ExtensibilityGlobals) = postSolution
		SolutionGuid = {D044BB14-0B37-47E5-A579-8B30FCBA1F9F}
	EndGlobalSection
EndGlobal
